// !$*UTF8*$!
{
	archiveVersion = 1;
	classes = {
	};
	objectVersion = 46;
	objects = {

/* Begin PBXBuildFile section */
		01D5EC0C160428C1EC7B6302 /* LogbookView.swift in Sources */ = {isa = PBXBuildFile; fileRef = 36D3FECEFD99A8E705D0407C /* LogbookView.swift */; };
		0743591789C21EB1E1FC8236 /* AttachmentSection.swift in Sources */ = {isa = PBXBuildFile; fileRef = F495BF8F56BD7504FA3DC42C /* AttachmentSection.swift */; };
		105E6D6F3AE75E65698ED517 /* LogbookPresentation.swift in Sources */ = {isa = PBXBuildFile; fileRef = 01EE0F7165B5FA74E202CB47 /* LogbookPresentation.swift */; };
		13857847EFC9811AD828C5F6 /* VehicleProfileView.swift in Sources */ = {isa = PBXBuildFile; fileRef = 900D84F1121E8A3079962462 /* VehicleProfileView.swift */; };
		13EC7F883F999202E58506B0 /* PlaceNote.swift in Sources */ = {isa = PBXBuildFile; fileRef = DDEB96A61FEB2E04551088A4 /* PlaceNote.swift */; };
		1B542B31D98056EDDB01BEB0 /* PassengerLoad.swift in Sources */ = {isa = PBXBuildFile; fileRef = 5BDF2BBB38C1952CE8495EF8 /* PassengerLoad.swift */; };
		1DE0086F796E5A8451885B2F /* SupportEnums.swift in Sources */ = {isa = PBXBuildFile; fileRef = 3004ADDAD81987C56BFABCC4 /* SupportEnums.swift */; };
		21DFE45751515CB5E671C09F /* MetricCard.swift in Sources */ = {isa = PBXBuildFile; fileRef = A31A16C83DAFBCFCF5558F5F /* MetricCard.swift */; };
		29FCB0489CDE689564525856 /* FirstRunOnboardingView.swift in Sources */ = {isa = PBXBuildFile; fileRef = 180CFA21187DF2C40E44DC68 /* FirstRunOnboardingView.swift */; };
		318A4E4AEF78D34432EABE57 /* AlpineSurface.swift in Sources */ = {isa = PBXBuildFile; fileRef = 9E1E9D36B9589317C6BDE107 /* AlpineSurface.swift */; };
		3213759D64C744B92716DD15 /* ChecklistEditorService.swift in Sources */ = {isa = PBXBuildFile; fileRef = 6F5E2A871780EF3FB21330CB /* ChecklistEditorService.swift */; };
		32A6BFD7DE541779AEF8552F /* PersistenceController.swift in Sources */ = {isa = PBXBuildFile; fileRef = B49328837D269EFAECB56E9B /* PersistenceController.swift */; };
		34894AF369FBFF0069F4937B /* UtilityRow.swift in Sources */ = {isa = PBXBuildFile; fileRef = D2E9A63EB3018BE7D3DFC40C /* UtilityRow.swift */; };
		36C225059A528685D52757AF /* AlpineSurfaceTests.swift in Sources */ = {isa = PBXBuildFile; fileRef = 18E727B067D5C8A84BE9BB9F /* AlpineSurfaceTests.swift */; };
		36DC7389140DC3C5ABE1A7DB /* PreviewStore.swift in Sources */ = {isa = PBXBuildFile; fileRef = 2612477FFE74D7A6A8AD87B3 /* PreviewStore.swift */; };
		3940E77BF41D5807CF1B50BD /* GarageView.swift in Sources */ = {isa = PBXBuildFile; fileRef = CC3700EE48F8E39F6461F5E2 /* GarageView.swift */; };
		3AB727A3D31EF0DCED87BF06 /* ReminderPlanner.swift in Sources */ = {isa = PBXBuildFile; fileRef = 2005F4CB05A32D2F99C1A7C9 /* ReminderPlanner.swift */; };
		3DB493A3632D71F2D203914A /* RoadSheetScaffold.swift in Sources */ = {isa = PBXBuildFile; fileRef = D1B288B0DE8893440C7A24B4 /* RoadSheetScaffold.swift */; };
		430F44D3C30FC75CCB4A8466 /* Foundation.framework in Frameworks */ = {isa = PBXBuildFile; fileRef = 7C62B6E66A49BCCE1BB3D6E7 /* Foundation.framework */; };
		44A9DD4CBC479D77A9B65805 /* MaintenanceEntry.swift in Sources */ = {isa = PBXBuildFile; fileRef = 0099E0918165569D8F0336E3 /* MaintenanceEntry.swift */; };
		47DD80D5A4658F8EB2D7AAFA /* ChecklistTemplateLibrary.swift in Sources */ = {isa = PBXBuildFile; fileRef = E57F252B5E54AA15D969F9FE /* ChecklistTemplateLibrary.swift */; };
		506AD021E40A190AD0373A64 /* SampleDataSeeder.swift in Sources */ = {isa = PBXBuildFile; fileRef = 4E2C6DC99F42A4E48834A2E1 /* SampleDataSeeder.swift */; };
		51826FCDC5FB86194325921F /* VehicleProfile.swift in Sources */ = {isa = PBXBuildFile; fileRef = A3E3DF6CFBC75B97D32BB62C /* VehicleProfile.swift */; };
		519451A04720B573807E8D83 /* WorldClassUpgradeTests.swift in Sources */ = {isa = PBXBuildFile; fileRef = 349DEA8F1A3A0AC9EE2BBA16 /* WorldClassUpgradeTests.swift */; };
		5BD1B88B068B04B50A5ACFBE /* AppDataLocator.swift in Sources */ = {isa = PBXBuildFile; fileRef = 489EA4CF8E06689013D43A96 /* AppDataLocator.swift */; };
		62B65551B6D72DB226B98096 /* RootTabView.swift in Sources */ = {isa = PBXBuildFile; fileRef = C5EA58310A7871957A569F1E /* RootTabView.swift */; };
		64D7C0A953D69454F3F9B6FA /* GaragePresentationTests.swift in Sources */ = {isa = PBXBuildFile; fileRef = 342753BD99B786DA79A7B241 /* GaragePresentationTests.swift */; };
		6D173A836286E2A512B59465 /* Assets.xcassets in Resources */ = {isa = PBXBuildFile; fileRef = 243FBFCD1C4C7A8BA46C1827 /* Assets.xcassets */; };
		70BD58327D49B3BA082B3C0E /* AppNavigationState.swift in Sources */ = {isa = PBXBuildFile; fileRef = A5B5E87F5488E65F2D01841F /* AppNavigationState.swift */; };
		732FD808E1EF77C4E378B92C /* PackingItem.swift in Sources */ = {isa = PBXBuildFile; fileRef = 6478D3E8478CC1E98BB68104 /* PackingItem.swift */; };
		7C0DF7FA1F4EB9BAFEFAAAB6 /* ChecklistRun.swift in Sources */ = {isa = PBXBuildFile; fileRef = E138AA065A5559DD62AFA28C /* ChecklistRun.swift */; };
		7D465795F8AC41F40D5E1332 /* ReadinessEngine.swift in Sources */ = {isa = PBXBuildFile; fileRef = 2F1E66FF174D815E944A9AD9 /* ReadinessEngine.swift */; };
		806A0608BD7077746841A9E3 /* CostsPresentation.swift in Sources */ = {isa = PBXBuildFile; fileRef = E870DDDB39FF707A491DF93D /* CostsPresentation.swift */; };
		82B465264FD87EE610AB5D46 /* ChecklistPresentationTests.swift in Sources */ = {isa = PBXBuildFile; fileRef = 98B90E757DA4EE45E85CF8E6 /* ChecklistPresentationTests.swift */; };
		8618F9C7C284F41619A39775 /* ChecklistPresentation.swift in Sources */ = {isa = PBXBuildFile; fileRef = F0FF556C1EFFD26617274146 /* ChecklistPresentation.swift */; };
		881208EEC0D9B17A25A97C6E /* TripLoadSettings.swift in Sources */ = {isa = PBXBuildFile; fileRef = BF0B9362A65BD4773F43E4AB /* TripLoadSettings.swift */; };
		8C0CF0F17CC46717C0933667 /* StatusBadge.swift in Sources */ = {isa = PBXBuildFile; fileRef = D415B499B4E03423A97BDD48 /* StatusBadge.swift */; };
		90FCB54CFC5774CCA72DA1CD /* AppReleaseConfiguration.swift in Sources */ = {isa = PBXBuildFile; fileRef = 86A095C7695CE2EB0DB257DD /* AppReleaseConfiguration.swift */; };
		927FF08C89379109EF729E30 /* ReadinessEngineTests.swift in Sources */ = {isa = PBXBuildFile; fileRef = 15C06438E382D5132656BF35 /* ReadinessEngineTests.swift */; };
		933138D16653EEA415AFEC2F /* SectionCard.swift in Sources */ = {isa = PBXBuildFile; fileRef = 0520A62BA5BD4823E5E1FDF0 /* SectionCard.swift */; };
		95854D4D9A5A80C317B10070 /* WeightPresentationTests.swift in Sources */ = {isa = PBXBuildFile; fileRef = EB164932DDB148AC568482AD /* WeightPresentationTests.swift */; };
		98889A9E6D20590EC46B7875 /* CostsPresentationTests.swift in Sources */ = {isa = PBXBuildFile; fileRef = FECAA764A3C441A22039CF67 /* CostsPresentationTests.swift */; };
		A3CB3701B235E9B640BFFA05 /* RoadSheetHeader.swift in Sources */ = {isa = PBXBuildFile; fileRef = 8E72497F0836E7926CAB3721 /* RoadSheetHeader.swift */; };
		A57704C04817D552E6E92F98 /* ExportService.swift in Sources */ = {isa = PBXBuildFile; fileRef = 9BDDC3AAC8D9FB1863AE017A /* ExportService.swift */; };
		A8024ED58D4773D0985D0AFB /* CostsView.swift in Sources */ = {isa = PBXBuildFile; fileRef = A6AC1EECEB540AFE032D5D17 /* CostsView.swift */; };
		AE23985FD3CE36E6E0A8D6B6 /* NotificationManager.swift in Sources */ = {isa = PBXBuildFile; fileRef = 7BAEAA579DB8F6322E94B725 /* NotificationManager.swift */; };
		B2273E5F4509D75776953625 /* ReadinessDimensionMetadata.swift in Sources */ = {isa = PBXBuildFile; fileRef = 2D5133D4665E8949B3D383AE /* ReadinessDimensionMetadata.swift */; };
		B7D2FB08DF3C6783BF602F62 /* ActiveVehicleStore.swift in Sources */ = {isa = PBXBuildFile; fileRef = 4C6938BE42F0D04D01C5A4A8 /* ActiveVehicleStore.swift */; };
		BD57F666AC251896E63EF9BD /* WeightEditorService.swift in Sources */ = {isa = PBXBuildFile; fileRef = A8D8E2B7E68C268DE6E0D137 /* WeightEditorService.swift */; };
		BFC8B4D75EBC097E221E9D5A /* WeightView.swift in Sources */ = {isa = PBXBuildFile; fileRef = 91EE5552F520F4C9F6C45033 /* WeightView.swift */; };
		BFDC917BB6666F113226C9D7 /* CamperReadyApp.swift in Sources */ = {isa = PBXBuildFile; fileRef = 56956906C01E67259DFB419B /* CamperReadyApp.swift */; };
		C30FB321E4FF5CDE1C6B181C /* HomeDashboardView.swift in Sources */ = {isa = PBXBuildFile; fileRef = DCDC16D0B96DD5C621163423 /* HomeDashboardView.swift */; };
		C73C96BBD450EF8C0CB8BB84 /* HomeDashboardPresentationTests.swift in Sources */ = {isa = PBXBuildFile; fileRef = 540FDA1C5EBE4407B85CAA54 /* HomeDashboardPresentationTests.swift */; };
		C75C7BB5165023F6552A0BA7 /* ChecklistsView.swift in Sources */ = {isa = PBXBuildFile; fileRef = 3BB3FC102BD3AD9A42E20F6B /* ChecklistsView.swift */; };
		CC3E6D58F767786E29E59F26 /* Foundation.framework in Frameworks */ = {isa = PBXBuildFile; fileRef = 7C62B6E66A49BCCE1BB3D6E7 /* Foundation.framework */; };
		CF81F57BAB08F866549900B3 /* ReadinessTile.swift in Sources */ = {isa = PBXBuildFile; fileRef = 58E3602D512EB3FBF3BF7DB6 /* ReadinessTile.swift */; };
		D231604963BB0AB6995624E0 /* ChecklistItemRecord.swift in Sources */ = {isa = PBXBuildFile; fileRef = 2BE5EBDA4D56C14C7ADB3B7F /* ChecklistItemRecord.swift */; };
		D2DD48737680B2DCEBD7B482 /* DocumentRecord.swift in Sources */ = {isa = PBXBuildFile; fileRef = 8BB1D676E1C919E85E0D7436 /* DocumentRecord.swift */; };
		DDDA211173D4B550D17ABEAB /* WeightPresentation.swift in Sources */ = {isa = PBXBuildFile; fileRef = 91DC78D82E7D9301638ECCBD /* WeightPresentation.swift */; };
		DE32A233F5EAB9CFD465A89C /* AppTheme.swift in Sources */ = {isa = PBXBuildFile; fileRef = 4608A9370171FF178BB66DBB /* AppTheme.swift */; };
		E275D604945C5C63183283FB /* AppInfoView.swift in Sources */ = {isa = PBXBuildFile; fileRef = 192B2531194B70BD1B0354CD /* AppInfoView.swift */; };
		E349E997802E8B2347657B0E /* CostEntry.swift in Sources */ = {isa = PBXBuildFile; fileRef = 02C04AB971BC0334EF92BB96 /* CostEntry.swift */; };
		E8B1378DFF4E9A88ED6DC687 /* GaragePresentation.swift in Sources */ = {isa = PBXBuildFile; fileRef = 8DC824C13EE904C73E749257 /* GaragePresentation.swift */; };
		EDB9F545ED65FFF5980972DB /* HomeDashboardPresentation.swift in Sources */ = {isa = PBXBuildFile; fileRef = 0EFACEF06B0549C6DF3556E5 /* HomeDashboardPresentation.swift */; };
		EF5DB1F49AC5768EF2F62BE2 /* FeatureHeader.swift in Sources */ = {isa = PBXBuildFile; fileRef = 2B232E5374B3B2922818706F /* FeatureHeader.swift */; };
		F2E9D6B1A36286C48006253B /* AttachmentStore.swift in Sources */ = {isa = PBXBuildFile; fileRef = 97D59FF45C97121E560F4D54 /* AttachmentStore.swift */; };
		F6F53830B63F52F9A84B486D /* Trip.swift in Sources */ = {isa = PBXBuildFile; fileRef = 950F2B6ACF4114746103DCE9 /* Trip.swift */; };
		F7FE29CDB5ED6547D8397CC8 /* LogbookPresentationTests.swift in Sources */ = {isa = PBXBuildFile; fileRef = AE3E52F03EE127EBAB3FD13F /* LogbookPresentationTests.swift */; };
/* End PBXBuildFile section */

/* Begin PBXContainerItemProxy section */
		D4AC93806FA14EA7C4E65AA3 /* PBXContainerItemProxy */ = {
			isa = PBXContainerItemProxy;
			containerPortal = D5D3B1E87A90DF0320F6ABFE /* Project object */;
			proxyType = 1;
			remoteGlobalIDString = A420B4271FACC3B66357C5D4;
			remoteInfo = CamperReady;
		};
/* End PBXContainerItemProxy section */

/* Begin PBXFileReference section */
		0099E0918165569D8F0336E3 /* MaintenanceEntry.swift */ = {isa = PBXFileReference; includeInIndex = 1; lastKnownFileType = sourcecode.swift; name = MaintenanceEntry.swift; path = CamperReady/Domain/Models/MaintenanceEntry.swift; sourceTree = "<group>"; };
		01EE0F7165B5FA74E202CB47 /* LogbookPresentation.swift */ = {isa = PBXFileReference; includeInIndex = 1; lastKnownFileType = sourcecode.swift; name = LogbookPresentation.swift; path = CamperReady/Features/Logbook/LogbookPresentation.swift; sourceTree = "<group>"; };
		02C04AB971BC0334EF92BB96 /* CostEntry.swift */ = {isa = PBXFileReference; includeInIndex = 1; lastKnownFileType = sourcecode.swift; name = CostEntry.swift; path = CamperReady/Domain/Models/CostEntry.swift; sourceTree = "<group>"; };
		0520A62BA5BD4823E5E1FDF0 /* SectionCard.swift */ = {isa = PBXFileReference; includeInIndex = 1; lastKnownFileType = sourcecode.swift; name = SectionCard.swift; path = CamperReady/Shared/UI/SectionCard.swift; sourceTree = "<group>"; };
		0EFACEF06B0549C6DF3556E5 /* HomeDashboardPresentation.swift */ = {isa = PBXFileReference; includeInIndex = 1; lastKnownFileType = sourcecode.swift; name = HomeDashboardPresentation.swift; path = CamperReady/Features/Home/HomeDashboardPresentation.swift; sourceTree = "<group>"; };
		12A29418A3396510B57C875B /* Shared.xcconfig */ = {isa = PBXFileReference; includeInIndex = 1; lastKnownFileType = text.xcconfig; name = Shared.xcconfig; path = CamperReady/Config/Shared.xcconfig; sourceTree = "<group>"; };
		15C06438E382D5132656BF35 /* ReadinessEngineTests.swift */ = {isa = PBXFileReference; includeInIndex = 1; lastKnownFileType = sourcecode.swift; name = ReadinessEngineTests.swift; path = CamperReadyTests/ReadinessEngineTests.swift; sourceTree = "<group>"; };
		180CFA21187DF2C40E44DC68 /* FirstRunOnboardingView.swift */ = {isa = PBXFileReference; includeInIndex = 1; lastKnownFileType = sourcecode.swift; name = FirstRunOnboardingView.swift; path = CamperReady/Features/Home/FirstRunOnboardingView.swift; sourceTree = "<group>"; };
		18E727B067D5C8A84BE9BB9F /* AlpineSurfaceTests.swift */ = {isa = PBXFileReference; includeInIndex = 1; lastKnownFileType = sourcecode.swift; name = AlpineSurfaceTests.swift; path = CamperReadyTests/AlpineSurfaceTests.swift; sourceTree = "<group>"; };
		192B2531194B70BD1B0354CD /* AppInfoView.swift */ = {isa = PBXFileReference; includeInIndex = 1; lastKnownFileType = sourcecode.swift; name = AppInfoView.swift; path = CamperReady/Features/Home/AppInfoView.swift; sourceTree = "<group>"; };
		1DE0660C729BFAF176BBF83B /* Info.plist */ = {isa = PBXFileReference; includeInIndex = 1; lastKnownFileType = text.plist.xml; name = Info.plist; path = CamperReady/Support/Info.plist; sourceTree = "<group>"; };
		2005F4CB05A32D2F99C1A7C9 /* ReminderPlanner.swift */ = {isa = PBXFileReference; includeInIndex = 1; lastKnownFileType = sourcecode.swift; name = ReminderPlanner.swift; path = CamperReady/Services/ReminderPlanner.swift; sourceTree = "<group>"; };
		243FBFCD1C4C7A8BA46C1827 /* Assets.xcassets */ = {isa = PBXFileReference; includeInIndex = 1; lastKnownFileType = folder.assetcatalog; name = Assets.xcassets; path = CamperReady/Resources/Assets.xcassets; sourceTree = "<group>"; };
		2612477FFE74D7A6A8AD87B3 /* PreviewStore.swift */ = {isa = PBXFileReference; includeInIndex = 1; lastKnownFileType = sourcecode.swift; name = PreviewStore.swift; path = CamperReady/Services/PreviewStore.swift; sourceTree = "<group>"; };
		29B8EC86970AACE16075197C /* CamperReadyTests.xctest */ = {isa = PBXFileReference; explicitFileType = wrapper.cfbundle; includeInIndex = 0; path = CamperReadyTests.xctest; sourceTree = BUILT_PRODUCTS_DIR; };
		2B232E5374B3B2922818706F /* FeatureHeader.swift */ = {isa = PBXFileReference; includeInIndex = 1; lastKnownFileType = sourcecode.swift; name = FeatureHeader.swift; path = CamperReady/Shared/UI/FeatureHeader.swift; sourceTree = "<group>"; };
		2BE5EBDA4D56C14C7ADB3B7F /* ChecklistItemRecord.swift */ = {isa = PBXFileReference; includeInIndex = 1; lastKnownFileType = sourcecode.swift; name = ChecklistItemRecord.swift; path = CamperReady/Domain/Models/ChecklistItemRecord.swift; sourceTree = "<group>"; };
		2D5133D4665E8949B3D383AE /* ReadinessDimensionMetadata.swift */ = {isa = PBXFileReference; includeInIndex = 1; lastKnownFileType = sourcecode.swift; name = ReadinessDimensionMetadata.swift; path = CamperReady/Domain/Readiness/ReadinessDimensionMetadata.swift; sourceTree = "<group>"; };
		2F1E66FF174D815E944A9AD9 /* ReadinessEngine.swift */ = {isa = PBXFileReference; includeInIndex = 1; lastKnownFileType = sourcecode.swift; name = ReadinessEngine.swift; path = CamperReady/Domain/Readiness/ReadinessEngine.swift; sourceTree = "<group>"; };
		3004ADDAD81987C56BFABCC4 /* SupportEnums.swift */ = {isa = PBXFileReference; includeInIndex = 1; lastKnownFileType = sourcecode.swift; name = SupportEnums.swift; path = CamperReady/Domain/Models/SupportEnums.swift; sourceTree = "<group>"; };
		342753BD99B786DA79A7B241 /* GaragePresentationTests.swift */ = {isa = PBXFileReference; includeInIndex = 1; lastKnownFileType = sourcecode.swift; name = GaragePresentationTests.swift; path = CamperReadyTests/GaragePresentationTests.swift; sourceTree = "<group>"; };
		349DEA8F1A3A0AC9EE2BBA16 /* WorldClassUpgradeTests.swift */ = {isa = PBXFileReference; includeInIndex = 1; lastKnownFileType = sourcecode.swift; name = WorldClassUpgradeTests.swift; path = CamperReadyTests/WorldClassUpgradeTests.swift; sourceTree = "<group>"; };
		36D3FECEFD99A8E705D0407C /* LogbookView.swift */ = {isa = PBXFileReference; includeInIndex = 1; lastKnownFileType = sourcecode.swift; name = LogbookView.swift; path = CamperReady/Features/Logbook/LogbookView.swift; sourceTree = "<group>"; };
		3BB3FC102BD3AD9A42E20F6B /* ChecklistsView.swift */ = {isa = PBXFileReference; includeInIndex = 1; lastKnownFileType = sourcecode.swift; name = ChecklistsView.swift; path = CamperReady/Features/Checklists/ChecklistsView.swift; sourceTree = "<group>"; };
		4608A9370171FF178BB66DBB /* AppTheme.swift */ = {isa = PBXFileReference; includeInIndex = 1; lastKnownFileType = sourcecode.swift; name = AppTheme.swift; path = CamperReady/Shared/UI/AppTheme.swift; sourceTree = "<group>"; };
		489EA4CF8E06689013D43A96 /* AppDataLocator.swift */ = {isa = PBXFileReference; includeInIndex = 1; lastKnownFileType = sourcecode.swift; name = AppDataLocator.swift; path = CamperReady/Services/AppDataLocator.swift; sourceTree = "<group>"; };
		4C6938BE42F0D04D01C5A4A8 /* ActiveVehicleStore.swift */ = {isa = PBXFileReference; includeInIndex = 1; lastKnownFileType = sourcecode.swift; name = ActiveVehicleStore.swift; path = CamperReady/Services/ActiveVehicleStore.swift; sourceTree = "<group>"; };
		4E2C6DC99F42A4E48834A2E1 /* SampleDataSeeder.swift */ = {isa = PBXFileReference; includeInIndex = 1; lastKnownFileType = sourcecode.swift; name = SampleDataSeeder.swift; path = CamperReady/Services/SampleDataSeeder.swift; sourceTree = "<group>"; };
		540FDA1C5EBE4407B85CAA54 /* HomeDashboardPresentationTests.swift */ = {isa = PBXFileReference; includeInIndex = 1; lastKnownFileType = sourcecode.swift; name = HomeDashboardPresentationTests.swift; path = CamperReadyTests/HomeDashboardPresentationTests.swift; sourceTree = "<group>"; };
		56956906C01E67259DFB419B /* CamperReadyApp.swift */ = {isa = PBXFileReference; includeInIndex = 1; lastKnownFileType = sourcecode.swift; name = CamperReadyApp.swift; path = CamperReady/App/CamperReadyApp.swift; sourceTree = "<group>"; };
		58E3602D512EB3FBF3BF7DB6 /* ReadinessTile.swift */ = {isa = PBXFileReference; includeInIndex = 1; lastKnownFileType = sourcecode.swift; name = ReadinessTile.swift; path = CamperReady/Shared/UI/ReadinessTile.swift; sourceTree = "<group>"; };
		5BDF2BBB38C1952CE8495EF8 /* PassengerLoad.swift */ = {isa = PBXFileReference; includeInIndex = 1; lastKnownFileType = sourcecode.swift; name = PassengerLoad.swift; path = CamperReady/Domain/Models/PassengerLoad.swift; sourceTree = "<group>"; };
		6478D3E8478CC1E98BB68104 /* PackingItem.swift */ = {isa = PBXFileReference; includeInIndex = 1; lastKnownFileType = sourcecode.swift; name = PackingItem.swift; path = CamperReady/Domain/Models/PackingItem.swift; sourceTree = "<group>"; };
		6832613474C92269BF17F5B3 /* Tests-Release.xcconfig */ = {isa = PBXFileReference; includeInIndex = 1; lastKnownFileType = text.xcconfig; name = "Tests-Release.xcconfig"; path = "CamperReady/Config/Tests-Release.xcconfig"; sourceTree = "<group>"; };
		6C38B4828FFCADD3862AE8BD /* App-Release.xcconfig */ = {isa = PBXFileReference; includeInIndex = 1; lastKnownFileType = text.xcconfig; name = "App-Release.xcconfig"; path = "CamperReady/Config/App-Release.xcconfig"; sourceTree = "<group>"; };
		6F5E2A871780EF3FB21330CB /* ChecklistEditorService.swift */ = {isa = PBXFileReference; includeInIndex = 1; lastKnownFileType = sourcecode.swift; name = ChecklistEditorService.swift; path = CamperReady/Services/ChecklistEditorService.swift; sourceTree = "<group>"; };
		7BAEAA579DB8F6322E94B725 /* NotificationManager.swift */ = {isa = PBXFileReference; includeInIndex = 1; lastKnownFileType = sourcecode.swift; name = NotificationManager.swift; path = CamperReady/Services/NotificationManager.swift; sourceTree = "<group>"; };
		7C62B6E66A49BCCE1BB3D6E7 /* Foundation.framework */ = {isa = PBXFileReference; lastKnownFileType = wrapper.framework; name = Foundation.framework; path = Platforms/iPhoneOS.platform/Developer/SDKs/iPhoneOS18.0.sdk/System/Library/Frameworks/Foundation.framework; sourceTree = DEVELOPER_DIR; };
		86A095C7695CE2EB0DB257DD /* AppReleaseConfiguration.swift */ = {isa = PBXFileReference; includeInIndex = 1; lastKnownFileType = sourcecode.swift; name = AppReleaseConfiguration.swift; path = CamperReady/App/AppReleaseConfiguration.swift; sourceTree = "<group>"; };
		8BB1D676E1C919E85E0D7436 /* DocumentRecord.swift */ = {isa = PBXFileReference; includeInIndex = 1; lastKnownFileType = sourcecode.swift; name = DocumentRecord.swift; path = CamperReady/Domain/Models/DocumentRecord.swift; sourceTree = "<group>"; };
		8DC824C13EE904C73E749257 /* GaragePresentation.swift */ = {isa = PBXFileReference; includeInIndex = 1; lastKnownFileType = sourcecode.swift; name = GaragePresentation.swift; path = CamperReady/Features/Vehicle/GaragePresentation.swift; sourceTree = "<group>"; };
		8E44225C3BA6801E39147B93 /* Tests-Debug.xcconfig */ = {isa = PBXFileReference; includeInIndex = 1; lastKnownFileType = text.xcconfig; name = "Tests-Debug.xcconfig"; path = "CamperReady/Config/Tests-Debug.xcconfig"; sourceTree = "<group>"; };
		8E72497F0836E7926CAB3721 /* RoadSheetHeader.swift */ = {isa = PBXFileReference; includeInIndex = 1; lastKnownFileType = sourcecode.swift; name = RoadSheetHeader.swift; path = CamperReady/Shared/UI/RoadSheetHeader.swift; sourceTree = "<group>"; };
		900D84F1121E8A3079962462 /* VehicleProfileView.swift */ = {isa = PBXFileReference; includeInIndex = 1; lastKnownFileType = sourcecode.swift; name = VehicleProfileView.swift; path = CamperReady/Features/Vehicle/VehicleProfileView.swift; sourceTree = "<group>"; };
		91DC78D82E7D9301638ECCBD /* WeightPresentation.swift */ = {isa = PBXFileReference; includeInIndex = 1; lastKnownFileType = sourcecode.swift; name = WeightPresentation.swift; path = CamperReady/Features/Weight/WeightPresentation.swift; sourceTree = "<group>"; };
		91EE5552F520F4C9F6C45033 /* WeightView.swift */ = {isa = PBXFileReference; includeInIndex = 1; lastKnownFileType = sourcecode.swift; name = WeightView.swift; path = CamperReady/Features/Weight/WeightView.swift; sourceTree = "<group>"; };
		950F2B6ACF4114746103DCE9 /* Trip.swift */ = {isa = PBXFileReference; includeInIndex = 1; lastKnownFileType = sourcecode.swift; name = Trip.swift; path = CamperReady/Domain/Models/Trip.swift; sourceTree = "<group>"; };
		97D59FF45C97121E560F4D54 /* AttachmentStore.swift */ = {isa = PBXFileReference; includeInIndex = 1; lastKnownFileType = sourcecode.swift; name = AttachmentStore.swift; path = CamperReady/Services/AttachmentStore.swift; sourceTree = "<group>"; };
		98B90E757DA4EE45E85CF8E6 /* ChecklistPresentationTests.swift */ = {isa = PBXFileReference; includeInIndex = 1; lastKnownFileType = sourcecode.swift; name = ChecklistPresentationTests.swift; path = CamperReadyTests/ChecklistPresentationTests.swift; sourceTree = "<group>"; };
		9BDDC3AAC8D9FB1863AE017A /* ExportService.swift */ = {isa = PBXFileReference; includeInIndex = 1; lastKnownFileType = sourcecode.swift; name = ExportService.swift; path = CamperReady/Services/ExportService.swift; sourceTree = "<group>"; };
		9E1E9D36B9589317C6BDE107 /* AlpineSurface.swift */ = {isa = PBXFileReference; includeInIndex = 1; lastKnownFileType = sourcecode.swift; name = AlpineSurface.swift; path = CamperReady/Shared/UI/AlpineSurface.swift; sourceTree = "<group>"; };
		A31A16C83DAFBCFCF5558F5F /* MetricCard.swift */ = {isa = PBXFileReference; includeInIndex = 1; lastKnownFileType = sourcecode.swift; name = MetricCard.swift; path = CamperReady/Shared/UI/MetricCard.swift; sourceTree = "<group>"; };
		A3E3DF6CFBC75B97D32BB62C /* VehicleProfile.swift */ = {isa = PBXFileReference; includeInIndex = 1; lastKnownFileType = sourcecode.swift; name = VehicleProfile.swift; path = CamperReady/Domain/Models/VehicleProfile.swift; sourceTree = "<group>"; };
		A5B5E87F5488E65F2D01841F /* AppNavigationState.swift */ = {isa = PBXFileReference; includeInIndex = 1; lastKnownFileType = sourcecode.swift; name = AppNavigationState.swift; path = CamperReady/App/AppNavigationState.swift; sourceTree = "<group>"; };
		A6AC1EECEB540AFE032D5D17 /* CostsView.swift */ = {isa = PBXFileReference; includeInIndex = 1; lastKnownFileType = sourcecode.swift; name = CostsView.swift; path = CamperReady/Features/Costs/CostsView.swift; sourceTree = "<group>"; };
		A6C45C75EEB723F67CC1E323 /* PrivacyInfo.xcprivacy */ = {isa = PBXFileReference; includeInIndex = 1; name = PrivacyInfo.xcprivacy; path = CamperReady/Support/PrivacyInfo.xcprivacy; sourceTree = "<group>"; };
		A8D8E2B7E68C268DE6E0D137 /* WeightEditorService.swift */ = {isa = PBXFileReference; includeInIndex = 1; lastKnownFileType = sourcecode.swift; name = WeightEditorService.swift; path = CamperReady/Services/WeightEditorService.swift; sourceTree = "<group>"; };
		AE3E52F03EE127EBAB3FD13F /* LogbookPresentationTests.swift */ = {isa = PBXFileReference; includeInIndex = 1; lastKnownFileType = sourcecode.swift; name = LogbookPresentationTests.swift; path = CamperReadyTests/LogbookPresentationTests.swift; sourceTree = "<group>"; };
		B49328837D269EFAECB56E9B /* PersistenceController.swift */ = {isa = PBXFileReference; includeInIndex = 1; lastKnownFileType = sourcecode.swift; name = PersistenceController.swift; path = CamperReady/Services/PersistenceController.swift; sourceTree = "<group>"; };
		BF0B9362A65BD4773F43E4AB /* TripLoadSettings.swift */ = {isa = PBXFileReference; includeInIndex = 1; lastKnownFileType = sourcecode.swift; name = TripLoadSettings.swift; path = CamperReady/Domain/Models/TripLoadSettings.swift; sourceTree = "<group>"; };
		C0F71F4053C155CD2676536B /* App-Debug.xcconfig */ = {isa = PBXFileReference; includeInIndex = 1; lastKnownFileType = text.xcconfig; name = "App-Debug.xcconfig"; path = "CamperReady/Config/App-Debug.xcconfig"; sourceTree = "<group>"; };
		C5EA58310A7871957A569F1E /* RootTabView.swift */ = {isa = PBXFileReference; includeInIndex = 1; lastKnownFileType = sourcecode.swift; name = RootTabView.swift; path = CamperReady/App/RootTabView.swift; sourceTree = "<group>"; };
		CC3700EE48F8E39F6461F5E2 /* GarageView.swift */ = {isa = PBXFileReference; includeInIndex = 1; lastKnownFileType = sourcecode.swift; name = GarageView.swift; path = CamperReady/Features/Vehicle/GarageView.swift; sourceTree = "<group>"; };
		D1B288B0DE8893440C7A24B4 /* RoadSheetScaffold.swift */ = {isa = PBXFileReference; includeInIndex = 1; lastKnownFileType = sourcecode.swift; name = RoadSheetScaffold.swift; path = CamperReady/Shared/UI/RoadSheetScaffold.swift; sourceTree = "<group>"; };
		D2E9A63EB3018BE7D3DFC40C /* UtilityRow.swift */ = {isa = PBXFileReference; includeInIndex = 1; lastKnownFileType = sourcecode.swift; name = UtilityRow.swift; path = CamperReady/Shared/UI/UtilityRow.swift; sourceTree = "<group>"; };
		D415B499B4E03423A97BDD48 /* StatusBadge.swift */ = {isa = PBXFileReference; includeInIndex = 1; lastKnownFileType = sourcecode.swift; name = StatusBadge.swift; path = CamperReady/Shared/UI/StatusBadge.swift; sourceTree = "<group>"; };
		DCDC16D0B96DD5C621163423 /* HomeDashboardView.swift */ = {isa = PBXFileReference; includeInIndex = 1; lastKnownFileType = sourcecode.swift; name = HomeDashboardView.swift; path = CamperReady/Features/Home/HomeDashboardView.swift; sourceTree = "<group>"; };
		DDEB96A61FEB2E04551088A4 /* PlaceNote.swift */ = {isa = PBXFileReference; includeInIndex = 1; lastKnownFileType = sourcecode.swift; name = PlaceNote.swift; path = CamperReady/Domain/Models/PlaceNote.swift; sourceTree = "<group>"; };
		E138AA065A5559DD62AFA28C /* ChecklistRun.swift */ = {isa = PBXFileReference; includeInIndex = 1; lastKnownFileType = sourcecode.swift; name = ChecklistRun.swift; path = CamperReady/Domain/Models/ChecklistRun.swift; sourceTree = "<group>"; };
		E57F252B5E54AA15D969F9FE /* ChecklistTemplateLibrary.swift */ = {isa = PBXFileReference; includeInIndex = 1; lastKnownFileType = sourcecode.swift; name = ChecklistTemplateLibrary.swift; path = CamperReady/Services/ChecklistTemplateLibrary.swift; sourceTree = "<group>"; };
		E870DDDB39FF707A491DF93D /* CostsPresentation.swift */ = {isa = PBXFileReference; includeInIndex = 1; lastKnownFileType = sourcecode.swift; name = CostsPresentation.swift; path = CamperReady/Features/Costs/CostsPresentation.swift; sourceTree = "<group>"; };
		EB164932DDB148AC568482AD /* WeightPresentationTests.swift */ = {isa = PBXFileReference; includeInIndex = 1; lastKnownFileType = sourcecode.swift; name = WeightPresentationTests.swift; path = CamperReadyTests/WeightPresentationTests.swift; sourceTree = "<group>"; };
		ED594B1EA323D3D62CE74B10 /* Info.plist */ = {isa = PBXFileReference; includeInIndex = 1; lastKnownFileType = text.plist.xml; name = Info.plist; path = CamperReadyTests/Support/Info.plist; sourceTree = "<group>"; };
		F0FF556C1EFFD26617274146 /* ChecklistPresentation.swift */ = {isa = PBXFileReference; includeInIndex = 1; lastKnownFileType = sourcecode.swift; name = ChecklistPresentation.swift; path = CamperReady/Features/Checklists/ChecklistPresentation.swift; sourceTree = "<group>"; };
		F495BF8F56BD7504FA3DC42C /* AttachmentSection.swift */ = {isa = PBXFileReference; includeInIndex = 1; lastKnownFileType = sourcecode.swift; name = AttachmentSection.swift; path = CamperReady/Shared/UI/AttachmentSection.swift; sourceTree = "<group>"; };
		FE3ED9E45540BECBE12288AF /* CamperReady.app */ = {isa = PBXFileReference; explicitFileType = wrapper.application; includeInIndex = 0; path = CamperReady.app; sourceTree = BUILT_PRODUCTS_DIR; };
		FECAA764A3C441A22039CF67 /* CostsPresentationTests.swift */ = {isa = PBXFileReference; includeInIndex = 1; lastKnownFileType = sourcecode.swift; name = CostsPresentationTests.swift; path = CamperReadyTests/CostsPresentationTests.swift; sourceTree = "<group>"; };
/* End PBXFileReference section */

/* Begin PBXFrameworksBuildPhase section */
		26F3F507BD664F8ACCF8E7BB /* Frameworks */ = {
			isa = PBXFrameworksBuildPhase;
			buildActionMask = 2147483647;
			files = (
				430F44D3C30FC75CCB4A8466 /* Foundation.framework in Frameworks */,
			);
			runOnlyForDeploymentPostprocessing = 0;
		};
		881B56001791A4F52FC67B84 /* Frameworks */ = {
			isa = PBXFrameworksBuildPhase;
			buildActionMask = 2147483647;
			files = (
				CC3E6D58F767786E29E59F26 /* Foundation.framework in Frameworks */,
			);
			runOnlyForDeploymentPostprocessing = 0;
		};
/* End PBXFrameworksBuildPhase section */

/* Begin PBXGroup section */
		1E1075E7CFCB10CDAAC07F28 /* Services */ = {
			isa = PBXGroup;
			children = (
				4C6938BE42F0D04D01C5A4A8 /* ActiveVehicleStore.swift */,
				489EA4CF8E06689013D43A96 /* AppDataLocator.swift */,
				97D59FF45C97121E560F4D54 /* AttachmentStore.swift */,
				6F5E2A871780EF3FB21330CB /* ChecklistEditorService.swift */,
				E57F252B5E54AA15D969F9FE /* ChecklistTemplateLibrary.swift */,
				9BDDC3AAC8D9FB1863AE017A /* ExportService.swift */,
				7BAEAA579DB8F6322E94B725 /* NotificationManager.swift */,
				B49328837D269EFAECB56E9B /* PersistenceController.swift */,
				2612477FFE74D7A6A8AD87B3 /* PreviewStore.swift */,
				2005F4CB05A32D2F99C1A7C9 /* ReminderPlanner.swift */,
				4E2C6DC99F42A4E48834A2E1 /* SampleDataSeeder.swift */,
				A8D8E2B7E68C268DE6E0D137 /* WeightEditorService.swift */,
			);
			name = Services;
			sourceTree = "<group>";
		};
		1EECCF2D944855A058488978 /* CamperReady */ = {
			isa = PBXGroup;
			children = (
				8072162F36D7904C45F5D9AB /* App */,
				F6ACB0C589931EA3CD0A1547 /* Domain */,
				A2CAD595E148BAEF2097C9D7 /* Features */,
				1E1075E7CFCB10CDAAC07F28 /* Services */,
				231D8A84273B29D0F8C3F30D /* Shared */,
				77AED0DE08DD2A5C768B118A /* Resources */,
				4321DADDE4F4A2508798CBEF /* Config */,
				597B9FB45EC9EEAEA8D2BED8 /* Support */,
			);
			name = CamperReady;
			sourceTree = "<group>";
		};
		231D8A84273B29D0F8C3F30D /* Shared */ = {
			isa = PBXGroup;
			children = (
				FC2C5A9CFC6D27589EB1CFA0 /* UI */,
			);
			name = Shared;
			sourceTree = "<group>";
		};
		42C38BBCBF014D74E3ABBCD2 /* iOS */ = {
			isa = PBXGroup;
			children = (
				7C62B6E66A49BCCE1BB3D6E7 /* Foundation.framework */,
			);
			name = iOS;
			sourceTree = "<group>";
		};
		4321DADDE4F4A2508798CBEF /* Config */ = {
			isa = PBXGroup;
			children = (
				C0F71F4053C155CD2676536B /* App-Debug.xcconfig */,
				6C38B4828FFCADD3862AE8BD /* App-Release.xcconfig */,
				12A29418A3396510B57C875B /* Shared.xcconfig */,
				8E44225C3BA6801E39147B93 /* Tests-Debug.xcconfig */,
				6832613474C92269BF17F5B3 /* Tests-Release.xcconfig */,
			);
			name = Config;
			sourceTree = "<group>";
		};
		46D9E4B4168DB7B63EE95D34 /* Vehicle */ = {
			isa = PBXGroup;
			children = (
				8DC824C13EE904C73E749257 /* GaragePresentation.swift */,
				CC3700EE48F8E39F6461F5E2 /* GarageView.swift */,
				900D84F1121E8A3079962462 /* VehicleProfileView.swift */,
			);
			name = Vehicle;
			sourceTree = "<group>";
		};
		597B9FB45EC9EEAEA8D2BED8 /* Support */ = {
			isa = PBXGroup;
			children = (
				1DE0660C729BFAF176BBF83B /* Info.plist */,
				A6C45C75EEB723F67CC1E323 /* PrivacyInfo.xcprivacy */,
			);
			name = Support;
			sourceTree = "<group>";
		};
		66EC19A66FAA9EAA79341EA9 = {
			isa = PBXGroup;
			children = (
				FCDC51434B65C3B3FDF421A4 /* Products */,
				EC51D8E87B6EC2BE544B278D /* Frameworks */,
				1EECCF2D944855A058488978 /* CamperReady */,
				DCD4828D7AE5ACE2BFC2726A /* CamperReadyTests */,
				77DD908101C3C4D2495CD883 /* Scripts */,
			);
			sourceTree = "<group>";
		};
		7439A97D3DAD47D29F80C75B /* Models */ = {
			isa = PBXGroup;
			children = (
				2BE5EBDA4D56C14C7ADB3B7F /* ChecklistItemRecord.swift */,
				E138AA065A5559DD62AFA28C /* ChecklistRun.swift */,
				02C04AB971BC0334EF92BB96 /* CostEntry.swift */,
				8BB1D676E1C919E85E0D7436 /* DocumentRecord.swift */,
				0099E0918165569D8F0336E3 /* MaintenanceEntry.swift */,
				6478D3E8478CC1E98BB68104 /* PackingItem.swift */,
				5BDF2BBB38C1952CE8495EF8 /* PassengerLoad.swift */,
				DDEB96A61FEB2E04551088A4 /* PlaceNote.swift */,
				3004ADDAD81987C56BFABCC4 /* SupportEnums.swift */,
				950F2B6ACF4114746103DCE9 /* Trip.swift */,
				BF0B9362A65BD4773F43E4AB /* TripLoadSettings.swift */,
				A3E3DF6CFBC75B97D32BB62C /* VehicleProfile.swift */,
			);
			name = Models;
			sourceTree = "<group>";
		};
		77AED0DE08DD2A5C768B118A /* Resources */ = {
			isa = PBXGroup;
			children = (
				243FBFCD1C4C7A8BA46C1827 /* Assets.xcassets */,
			);
			name = Resources;
			sourceTree = "<group>";
		};
		77DD908101C3C4D2495CD883 /* Scripts */ = {
			isa = PBXGroup;
			children = (
			);
			name = Scripts;
			sourceTree = "<group>";
		};
		8072162F36D7904C45F5D9AB /* App */ = {
			isa = PBXGroup;
			children = (
				A5B5E87F5488E65F2D01841F /* AppNavigationState.swift */,
				86A095C7695CE2EB0DB257DD /* AppReleaseConfiguration.swift */,
				56956906C01E67259DFB419B /* CamperReadyApp.swift */,
				C5EA58310A7871957A569F1E /* RootTabView.swift */,
			);
			name = App;
			sourceTree = "<group>";
		};
		A1F323B999DA3BBE48420B10 /* Home */ = {
			isa = PBXGroup;
			children = (
				192B2531194B70BD1B0354CD /* AppInfoView.swift */,
				180CFA21187DF2C40E44DC68 /* FirstRunOnboardingView.swift */,
				0EFACEF06B0549C6DF3556E5 /* HomeDashboardPresentation.swift */,
				DCDC16D0B96DD5C621163423 /* HomeDashboardView.swift */,
			);
			name = Home;
			sourceTree = "<group>";
		};
		A2CAD595E148BAEF2097C9D7 /* Features */ = {
			isa = PBXGroup;
			children = (
				EC98EE589DFFDF78213235A4 /* Checklists */,
				FB31F6E37F2C5E5C45AA3A98 /* Costs */,
				A1F323B999DA3BBE48420B10 /* Home */,
				E289FF554EB54B9F3C7A02DF /* Logbook */,
				46D9E4B4168DB7B63EE95D34 /* Vehicle */,
				AB6EE53AFEAA90E747FDF02B /* Weight */,
			);
			name = Features;
			sourceTree = "<group>";
		};
		AB6EE53AFEAA90E747FDF02B /* Weight */ = {
			isa = PBXGroup;
			children = (
				91DC78D82E7D9301638ECCBD /* WeightPresentation.swift */,
				91EE5552F520F4C9F6C45033 /* WeightView.swift */,
			);
			name = Weight;
			sourceTree = "<group>";
		};
		C25DE89F0E42AA036DCD42E9 /* Readiness */ = {
			isa = PBXGroup;
			children = (
				2D5133D4665E8949B3D383AE /* ReadinessDimensionMetadata.swift */,
				2F1E66FF174D815E944A9AD9 /* ReadinessEngine.swift */,
			);
			name = Readiness;
			sourceTree = "<group>";
		};
		C6753D705526A9792D8981D2 /* Support */ = {
			isa = PBXGroup;
			children = (
				ED594B1EA323D3D62CE74B10 /* Info.plist */,
			);
			name = Support;
			sourceTree = "<group>";
		};
		D3E47C1EB69EE39FCF111FC9 /* CamperReadyTests */ = {
			isa = PBXGroup;
			children = (
				18E727B067D5C8A84BE9BB9F /* AlpineSurfaceTests.swift */,
				98B90E757DA4EE45E85CF8E6 /* ChecklistPresentationTests.swift */,
				FECAA764A3C441A22039CF67 /* CostsPresentationTests.swift */,
				342753BD99B786DA79A7B241 /* GaragePresentationTests.swift */,
				540FDA1C5EBE4407B85CAA54 /* HomeDashboardPresentationTests.swift */,
				AE3E52F03EE127EBAB3FD13F /* LogbookPresentationTests.swift */,
				15C06438E382D5132656BF35 /* ReadinessEngineTests.swift */,
				EB164932DDB148AC568482AD /* WeightPresentationTests.swift */,
				349DEA8F1A3A0AC9EE2BBA16 /* WorldClassUpgradeTests.swift */,
			);
			name = CamperReadyTests;
			sourceTree = "<group>";
		};
		DCD4828D7AE5ACE2BFC2726A /* CamperReadyTests */ = {
			isa = PBXGroup;
			children = (
				D3E47C1EB69EE39FCF111FC9 /* CamperReadyTests */,
				C6753D705526A9792D8981D2 /* Support */,
			);
			name = CamperReadyTests;
			sourceTree = "<group>";
		};
		E289FF554EB54B9F3C7A02DF /* Logbook */ = {
			isa = PBXGroup;
			children = (
				01EE0F7165B5FA74E202CB47 /* LogbookPresentation.swift */,
				36D3FECEFD99A8E705D0407C /* LogbookView.swift */,
			);
			name = Logbook;
			sourceTree = "<group>";
		};
		EC51D8E87B6EC2BE544B278D /* Frameworks */ = {
			isa = PBXGroup;
			children = (
				42C38BBCBF014D74E3ABBCD2 /* iOS */,
			);
			name = Frameworks;
			sourceTree = "<group>";
		};
		EC98EE589DFFDF78213235A4 /* Checklists */ = {
			isa = PBXGroup;
			children = (
				F0FF556C1EFFD26617274146 /* ChecklistPresentation.swift */,
				3BB3FC102BD3AD9A42E20F6B /* ChecklistsView.swift */,
			);
			name = Checklists;
			sourceTree = "<group>";
		};
		F6ACB0C589931EA3CD0A1547 /* Domain */ = {
			isa = PBXGroup;
			children = (
				7439A97D3DAD47D29F80C75B /* Models */,
				C25DE89F0E42AA036DCD42E9 /* Readiness */,
			);
			name = Domain;
			sourceTree = "<group>";
		};
		FB31F6E37F2C5E5C45AA3A98 /* Costs */ = {
			isa = PBXGroup;
			children = (
				E870DDDB39FF707A491DF93D /* CostsPresentation.swift */,
				A6AC1EECEB540AFE032D5D17 /* CostsView.swift */,
			);
			name = Costs;
			sourceTree = "<group>";
		};
		FC2C5A9CFC6D27589EB1CFA0 /* UI */ = {
			isa = PBXGroup;
			children = (
				9E1E9D36B9589317C6BDE107 /* AlpineSurface.swift */,
				4608A9370171FF178BB66DBB /* AppTheme.swift */,
				F495BF8F56BD7504FA3DC42C /* AttachmentSection.swift */,
				2B232E5374B3B2922818706F /* FeatureHeader.swift */,
				A31A16C83DAFBCFCF5558F5F /* MetricCard.swift */,
				58E3602D512EB3FBF3BF7DB6 /* ReadinessTile.swift */,
				8E72497F0836E7926CAB3721 /* RoadSheetHeader.swift */,
				D1B288B0DE8893440C7A24B4 /* RoadSheetScaffold.swift */,
				0520A62BA5BD4823E5E1FDF0 /* SectionCard.swift */,
				D415B499B4E03423A97BDD48 /* StatusBadge.swift */,
				D2E9A63EB3018BE7D3DFC40C /* UtilityRow.swift */,
			);
			name = UI;
			sourceTree = "<group>";
		};
		FCDC51434B65C3B3FDF421A4 /* Products */ = {
			isa = PBXGroup;
			children = (
				FE3ED9E45540BECBE12288AF /* CamperReady.app */,
				29B8EC86970AACE16075197C /* CamperReadyTests.xctest */,
			);
			name = Products;
			sourceTree = "<group>";
		};
/* End PBXGroup section */

/* Begin PBXNativeTarget section */
		9B8F57BE0A83868D1FF2D021 /* CamperReadyTests */ = {
			isa = PBXNativeTarget;
			buildConfigurationList = 6ECFBC49BDBC2F3A56BECA9D /* Build configuration list for PBXNativeTarget "CamperReadyTests" */;
			buildPhases = (
				44130427D780175F51884402 /* Sources */,
				26F3F507BD664F8ACCF8E7BB /* Frameworks */,
				BBD27D2CB9946B42097F38F7 /* Resources */,
			);
			buildRules = (
			);
			dependencies = (
				635AFB833B67282B1501A12B /* PBXTargetDependency */,
			);
			name = CamperReadyTests;
			productName = CamperReadyTests;
			productReference = 29B8EC86970AACE16075197C /* CamperReadyTests.xctest */;
			productType = "com.apple.product-type.bundle.unit-test";
		};
		A420B4271FACC3B66357C5D4 /* CamperReady */ = {
			isa = PBXNativeTarget;
			buildConfigurationList = 43DD5ABADCE5F1A9CDFA75E4 /* Build configuration list for PBXNativeTarget "CamperReady" */;
			buildPhases = (
				E895ACBBE6A3B901D1388553 /* Sources */,
				881B56001791A4F52FC67B84 /* Frameworks */,
				C61A32C306424BBCA9DCABA6 /* Resources */,
			);
			buildRules = (
			);
			dependencies = (
			);
			name = CamperReady;
			productName = CamperReady;
			productReference = FE3ED9E45540BECBE12288AF /* CamperReady.app */;
			productType = "com.apple.product-type.application";
		};
/* End PBXNativeTarget section */

/* Begin PBXProject section */
		D5D3B1E87A90DF0320F6ABFE /* Project object */ = {
			isa = PBXProject;
			attributes = {
				LastSwiftUpdateCheck = 1600;
				LastUpgradeCheck = 2600;
				TargetAttributes = {
				};
			};
			buildConfigurationList = 7918746A4B94A4D955046062 /* Build configuration list for PBXProject "CamperReady" */;
			compatibilityVersion = "Xcode 3.2";
			developmentRegion = en;
			hasScannedForEncodings = 0;
			knownRegions = (
				en,
				Base,
			);
			mainGroup = 66EC19A66FAA9EAA79341EA9;
			minimizedProjectReferenceProxies = 0;
			preferredProjectObjectVersion = 77;
			productRefGroup = FCDC51434B65C3B3FDF421A4 /* Products */;
			projectDirPath = "";
			projectRoot = "";
			targets = (
				A420B4271FACC3B66357C5D4 /* CamperReady */,
				9B8F57BE0A83868D1FF2D021 /* CamperReadyTests */,
			);
		};
/* End PBXProject section */

/* Begin PBXResourcesBuildPhase section */
		BBD27D2CB9946B42097F38F7 /* Resources */ = {
			isa = PBXResourcesBuildPhase;
			buildActionMask = 2147483647;
			files = (
			);
			runOnlyForDeploymentPostprocessing = 0;
		};
		C61A32C306424BBCA9DCABA6 /* Resources */ = {
			isa = PBXResourcesBuildPhase;
			buildActionMask = 2147483647;
			files = (
				6D173A836286E2A512B59465 /* Assets.xcassets in Resources */,
			);
			runOnlyForDeploymentPostprocessing = 0;
		};
/* End PBXResourcesBuildPhase section */

/* Begin PBXSourcesBuildPhase section */
		44130427D780175F51884402 /* Sources */ = {
			isa = PBXSourcesBuildPhase;
			buildActionMask = 2147483647;
			files = (
				36C225059A528685D52757AF /* AlpineSurfaceTests.swift in Sources */,
				82B465264FD87EE610AB5D46 /* ChecklistPresentationTests.swift in Sources */,
				98889A9E6D20590EC46B7875 /* CostsPresentationTests.swift in Sources */,
				64D7C0A953D69454F3F9B6FA /* GaragePresentationTests.swift in Sources */,
				C73C96BBD450EF8C0CB8BB84 /* HomeDashboardPresentationTests.swift in Sources */,
				F7FE29CDB5ED6547D8397CC8 /* LogbookPresentationTests.swift in Sources */,
				927FF08C89379109EF729E30 /* ReadinessEngineTests.swift in Sources */,
				95854D4D9A5A80C317B10070 /* WeightPresentationTests.swift in Sources */,
				519451A04720B573807E8D83 /* WorldClassUpgradeTests.swift in Sources */,
			);
			runOnlyForDeploymentPostprocessing = 0;
		};
		E895ACBBE6A3B901D1388553 /* Sources */ = {
			isa = PBXSourcesBuildPhase;
			buildActionMask = 2147483647;
			files = (
				70BD58327D49B3BA082B3C0E /* AppNavigationState.swift in Sources */,
				90FCB54CFC5774CCA72DA1CD /* AppReleaseConfiguration.swift in Sources */,
				BFDC917BB6666F113226C9D7 /* CamperReadyApp.swift in Sources */,
				62B65551B6D72DB226B98096 /* RootTabView.swift in Sources */,
				D231604963BB0AB6995624E0 /* ChecklistItemRecord.swift in Sources */,
				7C0DF7FA1F4EB9BAFEFAAAB6 /* ChecklistRun.swift in Sources */,
				E349E997802E8B2347657B0E /* CostEntry.swift in Sources */,
				D2DD48737680B2DCEBD7B482 /* DocumentRecord.swift in Sources */,
				44A9DD4CBC479D77A9B65805 /* MaintenanceEntry.swift in Sources */,
				732FD808E1EF77C4E378B92C /* PackingItem.swift in Sources */,
				1B542B31D98056EDDB01BEB0 /* PassengerLoad.swift in Sources */,
				13EC7F883F999202E58506B0 /* PlaceNote.swift in Sources */,
				1DE0086F796E5A8451885B2F /* SupportEnums.swift in Sources */,
				F6F53830B63F52F9A84B486D /* Trip.swift in Sources */,
				881208EEC0D9B17A25A97C6E /* TripLoadSettings.swift in Sources */,
				51826FCDC5FB86194325921F /* VehicleProfile.swift in Sources */,
				B2273E5F4509D75776953625 /* ReadinessDimensionMetadata.swift in Sources */,
				7D465795F8AC41F40D5E1332 /* ReadinessEngine.swift in Sources */,
				8618F9C7C284F41619A39775 /* ChecklistPresentation.swift in Sources */,
				C75C7BB5165023F6552A0BA7 /* ChecklistsView.swift in Sources */,
				806A0608BD7077746841A9E3 /* CostsPresentation.swift in Sources */,
				A8024ED58D4773D0985D0AFB /* CostsView.swift in Sources */,
				E275D604945C5C63183283FB /* AppInfoView.swift in Sources */,
				29FCB0489CDE689564525856 /* FirstRunOnboardingView.swift in Sources */,
				EDB9F545ED65FFF5980972DB /* HomeDashboardPresentation.swift in Sources */,
				C30FB321E4FF5CDE1C6B181C /* HomeDashboardView.swift in Sources */,
				105E6D6F3AE75E65698ED517 /* LogbookPresentation.swift in Sources */,
				01D5EC0C160428C1EC7B6302 /* LogbookView.swift in Sources */,
				E8B1378DFF4E9A88ED6DC687 /* GaragePresentation.swift in Sources */,
				3940E77BF41D5807CF1B50BD /* GarageView.swift in Sources */,
				13857847EFC9811AD828C5F6 /* VehicleProfileView.swift in Sources */,
				DDDA211173D4B550D17ABEAB /* WeightPresentation.swift in Sources */,
				BFC8B4D75EBC097E221E9D5A /* WeightView.swift in Sources */,
				B7D2FB08DF3C6783BF602F62 /* ActiveVehicleStore.swift in Sources */,
				5BD1B88B068B04B50A5ACFBE /* AppDataLocator.swift in Sources */,
				F2E9D6B1A36286C48006253B /* AttachmentStore.swift in Sources */,
				3213759D64C744B92716DD15 /* ChecklistEditorService.swift in Sources */,
				47DD80D5A4658F8EB2D7AAFA /* ChecklistTemplateLibrary.swift in Sources */,
				A57704C04817D552E6E92F98 /* ExportService.swift in Sources */,
				AE23985FD3CE36E6E0A8D6B6 /* NotificationManager.swift in Sources */,
				32A6BFD7DE541779AEF8552F /* PersistenceController.swift in Sources */,
				36DC7389140DC3C5ABE1A7DB /* PreviewStore.swift in Sources */,
				3AB727A3D31EF0DCED87BF06 /* ReminderPlanner.swift in Sources */,
				506AD021E40A190AD0373A64 /* SampleDataSeeder.swift in Sources */,
				BD57F666AC251896E63EF9BD /* WeightEditorService.swift in Sources */,
				318A4E4AEF78D34432EABE57 /* AlpineSurface.swift in Sources */,
				DE32A233F5EAB9CFD465A89C /* AppTheme.swift in Sources */,
				0743591789C21EB1E1FC8236 /* AttachmentSection.swift in Sources */,
				EF5DB1F49AC5768EF2F62BE2 /* FeatureHeader.swift in Sources */,
				21DFE45751515CB5E671C09F /* MetricCard.swift in Sources */,
				CF81F57BAB08F866549900B3 /* ReadinessTile.swift in Sources */,
				A3CB3701B235E9B640BFFA05 /* RoadSheetHeader.swift in Sources */,
				3DB493A3632D71F2D203914A /* RoadSheetScaffold.swift in Sources */,
				933138D16653EEA415AFEC2F /* SectionCard.swift in Sources */,
				8C0CF0F17CC46717C0933667 /* StatusBadge.swift in Sources */,
				34894AF369FBFF0069F4937B /* UtilityRow.swift in Sources */,
			);
			runOnlyForDeploymentPostprocessing = 0;
		};
/* End PBXSourcesBuildPhase section */

/* Begin PBXTargetDependency section */
		635AFB833B67282B1501A12B /* PBXTargetDependency */ = {
			isa = PBXTargetDependency;
			name = CamperReady;
			target = A420B4271FACC3B66357C5D4 /* CamperReady */;
			targetProxy = D4AC93806FA14EA7C4E65AA3 /* PBXContainerItemProxy */;
		};
/* End PBXTargetDependency section */

/* Begin XCBuildConfiguration section */
		3E285C28DB33BEB8AD9DD66B /* Release */ = {
			isa = XCBuildConfiguration;
			baseConfigurationReference = 6C38B4828FFCADD3862AE8BD /* App-Release.xcconfig */;
			buildSettings = {
				ASSETCATALOG_COMPILER_APPICON_NAME = AppIcon;
				ASSETCATALOG_COMPILER_GLOBAL_ACCENT_COLOR_NAME = AccentColor;
				CLANG_ENABLE_OBJC_WEAK = NO;
				CODE_SIGN_STYLE = Automatic;
				CURRENT_PROJECT_VERSION = 1;
				GENERATE_INFOPLIST_FILE = NO;
				IPHONEOS_DEPLOYMENT_TARGET = 17.0;
				LD_RUNPATH_SEARCH_PATHS = "$(inherited) @executable_path/Frameworks";
				MARKETING_VERSION = 1.0;
				PRODUCT_BUNDLE_IDENTIFIER = com.camperready.app;
				SDKROOT = iphoneos;
				SWIFT_EMIT_LOC_STRINGS = NO;
				SWIFT_STRICT_CONCURRENCY = minimal;
				SWIFT_VERSION = 5.0;
				TARGETED_DEVICE_FAMILY = 1;
				VALIDATE_PRODUCT = YES;
			};
			name = Release;
		};
		4A95DED9981FA2E62507FFBD /* Debug */ = {
			isa = XCBuildConfiguration;
			baseConfigurationReference = 12A29418A3396510B57C875B /* Shared.xcconfig */;
			buildSettings = {
				ALWAYS_SEARCH_USER_PATHS = NO;
				CLANG_ANALYZER_NONNULL = YES;
				CLANG_ANALYZER_NUMBER_OBJECT_CONVERSION = YES_AGGRESSIVE;
				CLANG_CXX_LANGUAGE_STANDARD = "gnu++14";
				CLANG_CXX_LIBRARY = "libc++";
				CLANG_ENABLE_MODULES = YES;
				CLANG_ENABLE_OBJC_ARC = YES;
				CLANG_ENABLE_OBJC_WEAK = YES;
				CLANG_WARN_BLOCK_CAPTURE_AUTORELEASING = YES;
				CLANG_WARN_BOOL_CONVERSION = YES;
				CLANG_WARN_COMMA = YES;
				CLANG_WARN_CONSTANT_CONVERSION = YES;
				CLANG_WARN_DEPRECATED_OBJC_IMPLEMENTATIONS = YES;
				CLANG_WARN_DIRECT_OBJC_ISA_USAGE = YES_ERROR;
				CLANG_WARN_DOCUMENTATION_COMMENTS = YES;
				CLANG_WARN_EMPTY_BODY = YES;
				CLANG_WARN_ENUM_CONVERSION = YES;
				CLANG_WARN_INFINITE_RECURSION = YES;
				CLANG_WARN_INT_CONVERSION = YES;
				CLANG_WARN_NON_LITERAL_NULL_CONVERSION = YES;
				CLANG_WARN_OBJC_IMPLICIT_RETAIN_SELF = YES;
				CLANG_WARN_OBJC_LITERAL_CONVERSION = YES;
				CLANG_WARN_OBJC_ROOT_CLASS = YES_ERROR;
				CLANG_WARN_QUOTED_INCLUDE_IN_FRAMEWORK_HEADER = YES;
				CLANG_WARN_RANGE_LOOP_ANALYSIS = YES;
				CLANG_WARN_STRICT_PROTOTYPES = YES;
				CLANG_WARN_SUSPICIOUS_MOVE = YES;
				CLANG_WARN_UNGUARDED_AVAILABILITY = YES_AGGRESSIVE;
				CLANG_WARN_UNREACHABLE_CODE = YES;
				CLANG_WARN__DUPLICATE_METHOD_MATCH = YES;
				COPY_PHASE_STRIP = NO;
				DEBUG_INFORMATION_FORMAT = dwarf;
				ENABLE_STRICT_OBJC_MSGSEND = YES;
				ENABLE_TESTABILITY = YES;
				GCC_C_LANGUAGE_STANDARD = gnu11;
				GCC_DYNAMIC_NO_PIC = NO;
				GCC_NO_COMMON_BLOCKS = YES;
				GCC_OPTIMIZATION_LEVEL = 0;
				GCC_PREPROCESSOR_DEFINITIONS = (
					"DEBUG=1",
					"$(inherited)",
				);
				GCC_WARN_64_TO_32_BIT_CONVERSION = YES;
				GCC_WARN_ABOUT_RETURN_TYPE = YES_ERROR;
				GCC_WARN_UNDECLARED_SELECTOR = YES;
				GCC_WARN_UNINITIALIZED_AUTOS = YES_AGGRESSIVE;
				GCC_WARN_UNUSED_FUNCTION = YES;
				GCC_WARN_UNUSED_VARIABLE = YES;
				MTL_ENABLE_DEBUG_INFO = INCLUDE_SOURCE;
				MTL_FAST_MATH = YES;
				ONLY_ACTIVE_ARCH = YES;
				PRODUCT_NAME = "$(TARGET_NAME)";
				SWIFT_ACTIVE_COMPILATION_CONDITIONS = DEBUG;
				SWIFT_OPTIMIZATION_LEVEL = "-Onone";
				SWIFT_VERSION = 5.0;
			};
			name = Debug;
		};
		5A8117603E72867BED9F10DE /* Debug */ = {
			isa = XCBuildConfiguration;
			baseConfigurationReference = C0F71F4053C155CD2676536B /* App-Debug.xcconfig */;
			buildSettings = {
				ASSETCATALOG_COMPILER_APPICON_NAME = AppIcon;
				ASSETCATALOG_COMPILER_GLOBAL_ACCENT_COLOR_NAME = AccentColor;
				CLANG_ENABLE_OBJC_WEAK = NO;
				CODE_SIGN_STYLE = Automatic;
				CURRENT_PROJECT_VERSION = 1;
				GENERATE_INFOPLIST_FILE = NO;
				IPHONEOS_DEPLOYMENT_TARGET = 17.0;
				LD_RUNPATH_SEARCH_PATHS = "$(inherited) @executable_path/Frameworks";
				MARKETING_VERSION = 1.0;
				PRODUCT_BUNDLE_IDENTIFIER = com.camperready.app;
				SDKROOT = iphoneos;
				SWIFT_EMIT_LOC_STRINGS = NO;
				SWIFT_STRICT_CONCURRENCY = minimal;
				SWIFT_VERSION = 5.0;
				TARGETED_DEVICE_FAMILY = 1;
			};
			name = Debug;
		};
		7F9B629884A8FCB7858AB4DE /* Debug */ = {
			isa = XCBuildConfiguration;
			baseConfigurationReference = 8E44225C3BA6801E39147B93 /* Tests-Debug.xcconfig */;
			buildSettings = {
				ASSETCATALOG_COMPILER_APPICON_NAME = AppIcon;
				BUNDLE_LOADER = "$(BUILT_PRODUCTS_DIR)/CamperReady.app/CamperReady";
				CLANG_ENABLE_OBJC_WEAK = NO;
				CODE_SIGN_STYLE = Automatic;
				CURRENT_PROJECT_VERSION = 1;
				GENERATE_INFOPLIST_FILE = NO;
				IPHONEOS_DEPLOYMENT_TARGET = 17.0;
				LD_RUNPATH_SEARCH_PATHS = "$(inherited) @loader_path/Frameworks @executable_path/Frameworks";
				MARKETING_VERSION = 1.0;
				PRODUCT_BUNDLE_IDENTIFIER = com.camperready.appTests;
				SDKROOT = iphoneos;
				SWIFT_EMIT_LOC_STRINGS = NO;
				SWIFT_STRICT_CONCURRENCY = minimal;
				SWIFT_VERSION = 5.0;
				TARGETED_DEVICE_FAMILY = 1;
				TEST_HOST = "$(BUILT_PRODUCTS_DIR)/CamperReady.app/CamperReady";
			};
			name = Debug;
		};
		8407EE02EBA313B4CBEF5CCF /* Release */ = {
			isa = XCBuildConfiguration;
			baseConfigurationReference = 12A29418A3396510B57C875B /* Shared.xcconfig */;
			buildSettings = {
				ALWAYS_SEARCH_USER_PATHS = NO;
				CLANG_ANALYZER_NONNULL = YES;
				CLANG_ANALYZER_NUMBER_OBJECT_CONVERSION = YES_AGGRESSIVE;
				CLANG_CXX_LANGUAGE_STANDARD = "gnu++14";
				CLANG_CXX_LIBRARY = "libc++";
				CLANG_ENABLE_MODULES = YES;
				CLANG_ENABLE_OBJC_ARC = YES;
				CLANG_ENABLE_OBJC_WEAK = YES;
				CLANG_WARN_BLOCK_CAPTURE_AUTORELEASING = YES;
				CLANG_WARN_BOOL_CONVERSION = YES;
				CLANG_WARN_COMMA = YES;
				CLANG_WARN_CONSTANT_CONVERSION = YES;
				CLANG_WARN_DEPRECATED_OBJC_IMPLEMENTATIONS = YES;
				CLANG_WARN_DIRECT_OBJC_ISA_USAGE = YES_ERROR;
				CLANG_WARN_DOCUMENTATION_COMMENTS = YES;
				CLANG_WARN_EMPTY_BODY = YES;
				CLANG_WARN_ENUM_CONVERSION = YES;
				CLANG_WARN_INFINITE_RECURSION = YES;
				CLANG_WARN_INT_CONVERSION = YES;
				CLANG_WARN_NON_LITERAL_NULL_CONVERSION = YES;
				CLANG_WARN_OBJC_IMPLICIT_RETAIN_SELF = YES;
				CLANG_WARN_OBJC_LITERAL_CONVERSION = YES;
				CLANG_WARN_OBJC_ROOT_CLASS = YES_ERROR;
				CLANG_WARN_QUOTED_INCLUDE_IN_FRAMEWORK_HEADER = YES;
				CLANG_WARN_RANGE_LOOP_ANALYSIS = YES;
				CLANG_WARN_STRICT_PROTOTYPES = YES;
				CLANG_WARN_SUSPICIOUS_MOVE = YES;
				CLANG_WARN_UNGUARDED_AVAILABILITY = YES_AGGRESSIVE;
				CLANG_WARN_UNREACHABLE_CODE = YES;
				CLANG_WARN__DUPLICATE_METHOD_MATCH = YES;
				COPY_PHASE_STRIP = NO;
				DEBUG_INFORMATION_FORMAT = "dwarf-with-dsym";
				ENABLE_NS_ASSERTIONS = NO;
				ENABLE_STRICT_OBJC_MSGSEND = YES;
				GCC_C_LANGUAGE_STANDARD = gnu11;
				GCC_NO_COMMON_BLOCKS = YES;
				GCC_WARN_64_TO_32_BIT_CONVERSION = YES;
				GCC_WARN_ABOUT_RETURN_TYPE = YES_ERROR;
				GCC_WARN_UNDECLARED_SELECTOR = YES;
				GCC_WARN_UNINITIALIZED_AUTOS = YES_AGGRESSIVE;
				GCC_WARN_UNUSED_FUNCTION = YES;
				GCC_WARN_UNUSED_VARIABLE = YES;
				MTL_ENABLE_DEBUG_INFO = NO;
				MTL_FAST_MATH = YES;
				PRODUCT_NAME = "$(TARGET_NAME)";
				SWIFT_COMPILATION_MODE = wholemodule;
				SWIFT_OPTIMIZATION_LEVEL = "-O";
				SWIFT_VERSION = 5.0;
			};
			name = Release;
		};
		E977A21D01DF2B2AC4B230FB /* Release */ = {
			isa = XCBuildConfiguration;
			baseConfigurationReference = 6832613474C92269BF17F5B3 /* Tests-Release.xcconfig */;
			buildSettings = {
				ASSETCATALOG_COMPILER_APPICON_NAME = AppIcon;
				BUNDLE_LOADER = "$(BUILT_PRODUCTS_DIR)/CamperReady.app/CamperReady";
				CLANG_ENABLE_OBJC_WEAK = NO;
				CODE_SIGN_STYLE = Automatic;
				CURRENT_PROJECT_VERSION = 1;
				GENERATE_INFOPLIST_FILE = NO;
				IPHONEOS_DEPLOYMENT_TARGET = 17.0;
				LD_RUNPATH_SEARCH_PATHS = "$(inherited) @loader_path/Frameworks @executable_path/Frameworks";
				MARKETING_VERSION = 1.0;
				PRODUCT_BUNDLE_IDENTIFIER = com.camperready.appTests;
				SDKROOT = iphoneos;
				SWIFT_EMIT_LOC_STRINGS = NO;
				SWIFT_STRICT_CONCURRENCY = minimal;
				SWIFT_VERSION = 5.0;
				TARGETED_DEVICE_FAMILY = 1;
				TEST_HOST = "$(BUILT_PRODUCTS_DIR)/CamperReady.app/CamperReady";
				VALIDATE_PRODUCT = YES;
			};
			name = Release;
		};
/* End XCBuildConfiguration section */

/* Begin XCConfigurationList section */
		43DD5ABADCE5F1A9CDFA75E4 /* Build configuration list for PBXNativeTarget "CamperReady" */ = {
			isa = XCConfigurationList;
			buildConfigurations = (
				3E285C28DB33BEB8AD9DD66B /* Release */,
				5A8117603E72867BED9F10DE /* Debug */,
			);
			defaultConfigurationIsVisible = 0;
			defaultConfigurationName = Release;
		};
		6ECFBC49BDBC2F3A56BECA9D /* Build configuration list for PBXNativeTarget "CamperReadyTests" */ = {
			isa = XCConfigurationList;
			buildConfigurations = (
				E977A21D01DF2B2AC4B230FB /* Release */,
				7F9B629884A8FCB7858AB4DE /* Debug */,
			);
			defaultConfigurationIsVisible = 0;
			defaultConfigurationName = Release;
		};
		7918746A4B94A4D955046062 /* Build configuration list for PBXProject "CamperReady" */ = {
			isa = XCConfigurationList;
			buildConfigurations = (
				4A95DED9981FA2E62507FFBD /* Debug */,
				8407EE02EBA313B4CBEF5CCF /* Release */,
			);
			defaultConfigurationIsVisible = 0;
			defaultConfigurationName = Release;
		};
/* End XCConfigurationList section */
	};
	rootObject = D5D3B1E87A90DF0320F6ABFE /* Project object */;
}
