// !$*UTF8*$!
{
	archiveVersion = 1;
	classes = {
	};
	objectVersion = 54;
	objects = {

/* Begin PBXBuildFile section */
		0764BF792F2C55A4837A675C /* WeightEditorService.swift in Sources */ = {isa = PBXBuildFile; fileRef = D4E26E078CFA42C6464F876E /* WeightEditorService.swift */; };
		094C56DB9704A322A5E83C82 /* PlaceNote.swift in Sources */ = {isa = PBXBuildFile; fileRef = B08B2C4994A86155453A90BD /* PlaceNote.swift */; };
		154840F13400A93704D6C8B3 /* PreviewStore.swift in Sources */ = {isa = PBXBuildFile; fileRef = A50E66C575E6602A48111F28 /* PreviewStore.swift */; };
		1778EC41111A19716A85BE3B /* PassengerLoad.swift in Sources */ = {isa = PBXBuildFile; fileRef = 0816C8B4600A46C8F73C92E0 /* PassengerLoad.swift */; };
		1868CFF95E0F8AF9BD94C431 /* ActiveVehicleStore.swift in Sources */ = {isa = PBXBuildFile; fileRef = 070DB27DF9A4CBF5D7DBC166 /* ActiveVehicleStore.swift */; };
		1DA2330AC7403B44E33BFFE5 /* AttachmentStore.swift in Sources */ = {isa = PBXBuildFile; fileRef = 11596BF20AAD8BF9AADCC988 /* AttachmentStore.swift */; };
		2625F3C21802E93D3863CFF3 /* AppTheme.swift in Sources */ = {isa = PBXBuildFile; fileRef = 9FCEF40AFF897646BC655FB5 /* AppTheme.swift */; };
		29EDC37ED25DB9355A5437E9 /* LogbookView.swift in Sources */ = {isa = PBXBuildFile; fileRef = A223E5A2DB886208C8A1DF69 /* LogbookView.swift */; };
		315F9CBA8DA5F11EB9C822EA /* DocumentRecord.swift in Sources */ = {isa = PBXBuildFile; fileRef = 25D821CE9A170DF51E35AC11 /* DocumentRecord.swift */; };
		3E31772264B29C74115E268D /* SampleDataSeeder.swift in Sources */ = {isa = PBXBuildFile; fileRef = 80F2C3F0DACDAFE0A5EB0004 /* SampleDataSeeder.swift */; };
		414123B633FC677CBC89FA29 /* WeightView.swift in Sources */ = {isa = PBXBuildFile; fileRef = 0B7FB86E835C56F10C6B499A /* WeightView.swift */; };
		439002C352103179DF5A01CB /* RootTabView.swift in Sources */ = {isa = PBXBuildFile; fileRef = 531F500305A46D8BA1E45988 /* RootTabView.swift */; };
		46AAA6EEA74FA34CEDB255A3 /* PersistenceController.swift in Sources */ = {isa = PBXBuildFile; fileRef = EF331AF0952C2861CE91E084 /* PersistenceController.swift */; };
		501B9A3256268100511CE96A /* SectionCard.swift in Sources */ = {isa = PBXBuildFile; fileRef = 7A5186C5E35D8FE0D0ADD704 /* SectionCard.swift */; };
		51C02195ECF0B103C95E0B83 /* SupportEnums.swift in Sources */ = {isa = PBXBuildFile; fileRef = 55BA73EAA2C254475D27C23C /* SupportEnums.swift */; };
		52CAA69665416B4F9AEC3E7C /* Foundation.framework in Frameworks */ = {isa = PBXBuildFile; fileRef = 96E09889B917378ACD7854D0 /* Foundation.framework */; };
		61C223F4936C503C457C121E /* ChecklistRun.swift in Sources */ = {isa = PBXBuildFile; fileRef = D0BC442AD1717472CCF4A269 /* ChecklistRun.swift */; };
		646CBC5CE9BAB11A840BF391 /* HomeDashboardView.swift in Sources */ = {isa = PBXBuildFile; fileRef = 5FCE549276AB4C5F3B750C11 /* HomeDashboardView.swift */; };
		64BCFB32648A3935E7F29D8A /* ExportService.swift in Sources */ = {isa = PBXBuildFile; fileRef = B2D8BFE37C24798D60D096A8 /* ExportService.swift */; };
		67E38828AC9EC98A150CD835 /* ChecklistsView.swift in Sources */ = {isa = PBXBuildFile; fileRef = 00BA5325CA425478B4B66B76 /* ChecklistsView.swift */; };
		6E2C55748B865DB290DE8CFF /* CostEntry.swift in Sources */ = {isa = PBXBuildFile; fileRef = 4F3562945C27A8645EEBDF2E /* CostEntry.swift */; };
		75B0CC5F26A910D4B7AA3AE9 /* MaintenanceEntry.swift in Sources */ = {isa = PBXBuildFile; fileRef = 2CA13573CEB2D95F33B352BE /* MaintenanceEntry.swift */; };
		763E489DAD73F087C8214499 /* ReminderPlanner.swift in Sources */ = {isa = PBXBuildFile; fileRef = 6E0DCCFAA435454628133420 /* ReminderPlanner.swift */; };
		782C335455DEC728E523209D /* Foundation.framework in Frameworks */ = {isa = PBXBuildFile; fileRef = 96E09889B917378ACD7854D0 /* Foundation.framework */; };
		7B9B3194960E038EE2F4B049 /* NotificationManager.swift in Sources */ = {isa = PBXBuildFile; fileRef = 47BB566625B2F371CB57CA9E /* NotificationManager.swift */; };
		7BBABA7ED3AE7CBCCAB360DA /* ChecklistEditorService.swift in Sources */ = {isa = PBXBuildFile; fileRef = D4003BEE30B7BA73871A8CB7 /* ChecklistEditorService.swift */; };
		7C3E4503CB0B034BE26CAD91 /* Assets.xcassets in Resources */ = {isa = PBXBuildFile; fileRef = E3F40B616F3353C004E91E71 /* Assets.xcassets */; };
		819E72ECCFBB8F31C84D8C97 /* AppInfoView.swift in Sources */ = {isa = PBXBuildFile; fileRef = DF752E46A53E7B70AC652BFF /* AppInfoView.swift */; };
		81E607A50A770265248D8A69 /* VehicleProfileView.swift in Sources */ = {isa = PBXBuildFile; fileRef = 1E66A38C29962414DBC7A3D5 /* VehicleProfileView.swift */; };
		8E3B4222714B128D77A48171 /* PackingItem.swift in Sources */ = {isa = PBXBuildFile; fileRef = 6F01469D5E49EE352F500BE9 /* PackingItem.swift */; };
		93B1C8D27C09134E6733011C /* ReadinessTile.swift in Sources */ = {isa = PBXBuildFile; fileRef = 4E3898B28D9CBBCEAB98CB2C /* ReadinessTile.swift */; };
		9EEEA3311C8B5591FF9AEA35 /* FirstRunOnboardingView.swift in Sources */ = {isa = PBXBuildFile; fileRef = 93452A8066C72B47A2D8B805 /* FirstRunOnboardingView.swift */; };
		9F6FFD514F99753338260A26 /* AppReleaseConfiguration.swift in Sources */ = {isa = PBXBuildFile; fileRef = 2E08ED75ADF7A85DB49AF319 /* AppReleaseConfiguration.swift */; };
		A656198CCC4134FAC191DDFD /* CamperReadyApp.swift in Sources */ = {isa = PBXBuildFile; fileRef = 2E3F5783304AA59A9C313439 /* CamperReadyApp.swift */; };
		B4E0D77F55A767FDD44E0C30 /* ChecklistItemRecord.swift in Sources */ = {isa = PBXBuildFile; fileRef = 80C10BB06EFD332A4317BC86 /* ChecklistItemRecord.swift */; };
		B4E79430C5724F32AFC6B2A2 /* AppDataLocator.swift in Sources */ = {isa = PBXBuildFile; fileRef = 449043F96A9A510DB8CB8C22 /* AppDataLocator.swift */; };
		B910E37D5866DABC58CEC10D /* AttachmentSection.swift in Sources */ = {isa = PBXBuildFile; fileRef = 4B3E693AFB5B78E96CC75473 /* AttachmentSection.swift */; };
		BAA48831344E20E2986C293D /* ReadinessEngine.swift in Sources */ = {isa = PBXBuildFile; fileRef = 3A98E2C0FEC95CE22DB5E0B1 /* ReadinessEngine.swift */; };
		C32BF77BAABCE733BDC6C761 /* WorldClassUpgradeTests.swift in Sources */ = {isa = PBXBuildFile; fileRef = D651F4BE2028223B5583B495 /* WorldClassUpgradeTests.swift */; };
		C6E62D1DDD542604789E18FD /* TripLoadSettings.swift in Sources */ = {isa = PBXBuildFile; fileRef = A9D30929A0F9062A982D23B4 /* TripLoadSettings.swift */; };
		D891735BAE7CFC8012FF7927 /* ReadinessEngineTests.swift in Sources */ = {isa = PBXBuildFile; fileRef = A467FCC3063957057B9F91DE /* ReadinessEngineTests.swift */; };
		E04F13DC65C9B8E8EC338DA2 /* GarageView.swift in Sources */ = {isa = PBXBuildFile; fileRef = 9921E2EEFB33BCCD7289E143 /* GarageView.swift */; };
		E24E777F455A9486592AAF84 /* AppNavigationState.swift in Sources */ = {isa = PBXBuildFile; fileRef = EA705745D5EECD9D2E127464 /* AppNavigationState.swift */; };
		E5BA678B609B9294886F613F /* MetricCard.swift in Sources */ = {isa = PBXBuildFile; fileRef = 8A2CF7EFA56E5E875FCF9792 /* MetricCard.swift */; };
		F5A3DC4BA95D22F40ECB405D /* CostsView.swift in Sources */ = {isa = PBXBuildFile; fileRef = 163EC13B896018827EEEE525 /* CostsView.swift */; };
		F6430670730B9C6C3793B8B8 /* Trip.swift in Sources */ = {isa = PBXBuildFile; fileRef = 0400C0A2F62E47F3A722BBF5 /* Trip.swift */; };
		F8FB0A974C00B7E4E7ADE61F /* StatusBadge.swift in Sources */ = {isa = PBXBuildFile; fileRef = 1C0F754B4CD6114C82BC706F /* StatusBadge.swift */; };
		FBABDFAD2D9D796F23158F53 /* ChecklistTemplateLibrary.swift in Sources */ = {isa = PBXBuildFile; fileRef = 3AD879B637AD776A09BE8614 /* ChecklistTemplateLibrary.swift */; };
		FDEC4ACD9E58A4CAE7CE0DA3 /* VehicleProfile.swift in Sources */ = {isa = PBXBuildFile; fileRef = C5FBD867AAF5381ED20D7CF3 /* VehicleProfile.swift */; };
/* End PBXBuildFile section */

/* Begin PBXContainerItemProxy section */
		4995B1D063DD2F70D94B1B96 /* PBXContainerItemProxy */ = {
			isa = PBXContainerItemProxy;
			containerPortal = 07F19CDEFD8B9D90AA47B321 /* Project object */;
			proxyType = 1;
			remoteGlobalIDString = CDE6126702E6C5B686C3A3AA;
			remoteInfo = CamperReady;
		};
/* End PBXContainerItemProxy section */

/* Begin PBXFileReference section */
		00BA5325CA425478B4B66B76 /* ChecklistsView.swift */ = {isa = PBXFileReference; includeInIndex = 1; lastKnownFileType = sourcecode.swift; name = ChecklistsView.swift; path = CamperReady/Features/Checklists/ChecklistsView.swift; sourceTree = "<group>"; };
		0400C0A2F62E47F3A722BBF5 /* Trip.swift */ = {isa = PBXFileReference; includeInIndex = 1; lastKnownFileType = sourcecode.swift; name = Trip.swift; path = CamperReady/Domain/Models/Trip.swift; sourceTree = "<group>"; };
		070DB27DF9A4CBF5D7DBC166 /* ActiveVehicleStore.swift */ = {isa = PBXFileReference; includeInIndex = 1; lastKnownFileType = sourcecode.swift; name = ActiveVehicleStore.swift; path = CamperReady/Services/ActiveVehicleStore.swift; sourceTree = "<group>"; };
		0816C8B4600A46C8F73C92E0 /* PassengerLoad.swift */ = {isa = PBXFileReference; includeInIndex = 1; lastKnownFileType = sourcecode.swift; name = PassengerLoad.swift; path = CamperReady/Domain/Models/PassengerLoad.swift; sourceTree = "<group>"; };
		0B7FB86E835C56F10C6B499A /* WeightView.swift */ = {isa = PBXFileReference; includeInIndex = 1; lastKnownFileType = sourcecode.swift; name = WeightView.swift; path = CamperReady/Features/Weight/WeightView.swift; sourceTree = "<group>"; };
		11596BF20AAD8BF9AADCC988 /* AttachmentStore.swift */ = {isa = PBXFileReference; includeInIndex = 1; lastKnownFileType = sourcecode.swift; name = AttachmentStore.swift; path = CamperReady/Services/AttachmentStore.swift; sourceTree = "<group>"; };
		15EDE0A1E85A85354B2E10EE /* Tests-Debug.xcconfig */ = {isa = PBXFileReference; includeInIndex = 1; lastKnownFileType = text.xcconfig; name = "Tests-Debug.xcconfig"; path = "CamperReady/Config/Tests-Debug.xcconfig"; sourceTree = "<group>"; };
		163EC13B896018827EEEE525 /* CostsView.swift */ = {isa = PBXFileReference; includeInIndex = 1; lastKnownFileType = sourcecode.swift; name = CostsView.swift; path = CamperReady/Features/Costs/CostsView.swift; sourceTree = "<group>"; };
		1C0F754B4CD6114C82BC706F /* StatusBadge.swift */ = {isa = PBXFileReference; includeInIndex = 1; lastKnownFileType = sourcecode.swift; name = StatusBadge.swift; path = CamperReady/Shared/UI/StatusBadge.swift; sourceTree = "<group>"; };
		1E2EF635D8B6861311D7CD61 /* PrivacyInfo.xcprivacy */ = {isa = PBXFileReference; includeInIndex = 1; lastKnownFileType = text.xml; name = PrivacyInfo.xcprivacy; path = CamperReady/Support/PrivacyInfo.xcprivacy; sourceTree = "<group>"; };
		1E66A38C29962414DBC7A3D5 /* VehicleProfileView.swift */ = {isa = PBXFileReference; includeInIndex = 1; lastKnownFileType = sourcecode.swift; name = VehicleProfileView.swift; path = CamperReady/Features/Vehicle/VehicleProfileView.swift; sourceTree = "<group>"; };
		213F688A902A9BB727B57E8D /* App-Release.xcconfig */ = {isa = PBXFileReference; includeInIndex = 1; lastKnownFileType = text.xcconfig; name = "App-Release.xcconfig"; path = "CamperReady/Config/App-Release.xcconfig"; sourceTree = "<group>"; };
		24420C207D1A91E00F7781C4 /* CamperReadyTests.xctest */ = {isa = PBXFileReference; explicitFileType = wrapper.cfbundle; includeInIndex = 0; path = CamperReadyTests.xctest; sourceTree = BUILT_PRODUCTS_DIR; };
		25D821CE9A170DF51E35AC11 /* DocumentRecord.swift */ = {isa = PBXFileReference; includeInIndex = 1; lastKnownFileType = sourcecode.swift; name = DocumentRecord.swift; path = CamperReady/Domain/Models/DocumentRecord.swift; sourceTree = "<group>"; };
		2CA13573CEB2D95F33B352BE /* MaintenanceEntry.swift */ = {isa = PBXFileReference; includeInIndex = 1; lastKnownFileType = sourcecode.swift; name = MaintenanceEntry.swift; path = CamperReady/Domain/Models/MaintenanceEntry.swift; sourceTree = "<group>"; };
		2E08ED75ADF7A85DB49AF319 /* AppReleaseConfiguration.swift */ = {isa = PBXFileReference; includeInIndex = 1; lastKnownFileType = sourcecode.swift; name = AppReleaseConfiguration.swift; path = CamperReady/App/AppReleaseConfiguration.swift; sourceTree = "<group>"; };
		2E3F5783304AA59A9C313439 /* CamperReadyApp.swift */ = {isa = PBXFileReference; includeInIndex = 1; lastKnownFileType = sourcecode.swift; name = CamperReadyApp.swift; path = CamperReady/App/CamperReadyApp.swift; sourceTree = "<group>"; };
		3A98E2C0FEC95CE22DB5E0B1 /* ReadinessEngine.swift */ = {isa = PBXFileReference; includeInIndex = 1; lastKnownFileType = sourcecode.swift; name = ReadinessEngine.swift; path = CamperReady/Domain/Readiness/ReadinessEngine.swift; sourceTree = "<group>"; };
		3AD879B637AD776A09BE8614 /* ChecklistTemplateLibrary.swift */ = {isa = PBXFileReference; includeInIndex = 1; lastKnownFileType = sourcecode.swift; name = ChecklistTemplateLibrary.swift; path = CamperReady/Services/ChecklistTemplateLibrary.swift; sourceTree = "<group>"; };
		449043F96A9A510DB8CB8C22 /* AppDataLocator.swift */ = {isa = PBXFileReference; includeInIndex = 1; lastKnownFileType = sourcecode.swift; name = AppDataLocator.swift; path = CamperReady/Services/AppDataLocator.swift; sourceTree = "<group>"; };
		47BB566625B2F371CB57CA9E /* NotificationManager.swift */ = {isa = PBXFileReference; includeInIndex = 1; lastKnownFileType = sourcecode.swift; name = NotificationManager.swift; path = CamperReady/Services/NotificationManager.swift; sourceTree = "<group>"; };
		4B3E693AFB5B78E96CC75473 /* AttachmentSection.swift */ = {isa = PBXFileReference; includeInIndex = 1; lastKnownFileType = sourcecode.swift; name = AttachmentSection.swift; path = CamperReady/Shared/UI/AttachmentSection.swift; sourceTree = "<group>"; };
		4E3898B28D9CBBCEAB98CB2C /* ReadinessTile.swift */ = {isa = PBXFileReference; includeInIndex = 1; lastKnownFileType = sourcecode.swift; name = ReadinessTile.swift; path = CamperReady/Shared/UI/ReadinessTile.swift; sourceTree = "<group>"; };
		4F3562945C27A8645EEBDF2E /* CostEntry.swift */ = {isa = PBXFileReference; includeInIndex = 1; lastKnownFileType = sourcecode.swift; name = CostEntry.swift; path = CamperReady/Domain/Models/CostEntry.swift; sourceTree = "<group>"; };
		531F500305A46D8BA1E45988 /* RootTabView.swift */ = {isa = PBXFileReference; includeInIndex = 1; lastKnownFileType = sourcecode.swift; name = RootTabView.swift; path = CamperReady/App/RootTabView.swift; sourceTree = "<group>"; };
		55BA73EAA2C254475D27C23C /* SupportEnums.swift */ = {isa = PBXFileReference; includeInIndex = 1; lastKnownFileType = sourcecode.swift; name = SupportEnums.swift; path = CamperReady/Domain/Models/SupportEnums.swift; sourceTree = "<group>"; };
		5FCE549276AB4C5F3B750C11 /* HomeDashboardView.swift */ = {isa = PBXFileReference; includeInIndex = 1; lastKnownFileType = sourcecode.swift; name = HomeDashboardView.swift; path = CamperReady/Features/Home/HomeDashboardView.swift; sourceTree = "<group>"; };
		619D4F00AE83955BBF44CC0B /* App-Debug.xcconfig */ = {isa = PBXFileReference; includeInIndex = 1; lastKnownFileType = text.xcconfig; name = "App-Debug.xcconfig"; path = "CamperReady/Config/App-Debug.xcconfig"; sourceTree = "<group>"; };
		6E0DCCFAA435454628133420 /* ReminderPlanner.swift */ = {isa = PBXFileReference; includeInIndex = 1; lastKnownFileType = sourcecode.swift; name = ReminderPlanner.swift; path = CamperReady/Services/ReminderPlanner.swift; sourceTree = "<group>"; };
		6F01469D5E49EE352F500BE9 /* PackingItem.swift */ = {isa = PBXFileReference; includeInIndex = 1; lastKnownFileType = sourcecode.swift; name = PackingItem.swift; path = CamperReady/Domain/Models/PackingItem.swift; sourceTree = "<group>"; };
		7A5186C5E35D8FE0D0ADD704 /* SectionCard.swift */ = {isa = PBXFileReference; includeInIndex = 1; lastKnownFileType = sourcecode.swift; name = SectionCard.swift; path = CamperReady/Shared/UI/SectionCard.swift; sourceTree = "<group>"; };
		7AD2371FD6E4614D678C0F09 /* Info.plist */ = {isa = PBXFileReference; includeInIndex = 1; lastKnownFileType = text.plist.xml; name = Info.plist; path = CamperReadyTests/Support/Info.plist; sourceTree = "<group>"; };
		80C10BB06EFD332A4317BC86 /* ChecklistItemRecord.swift */ = {isa = PBXFileReference; includeInIndex = 1; lastKnownFileType = sourcecode.swift; name = ChecklistItemRecord.swift; path = CamperReady/Domain/Models/ChecklistItemRecord.swift; sourceTree = "<group>"; };
		80F2C3F0DACDAFE0A5EB0004 /* SampleDataSeeder.swift */ = {isa = PBXFileReference; includeInIndex = 1; lastKnownFileType = sourcecode.swift; name = SampleDataSeeder.swift; path = CamperReady/Services/SampleDataSeeder.swift; sourceTree = "<group>"; };
		8A2CF7EFA56E5E875FCF9792 /* MetricCard.swift */ = {isa = PBXFileReference; includeInIndex = 1; lastKnownFileType = sourcecode.swift; name = MetricCard.swift; path = CamperReady/Shared/UI/MetricCard.swift; sourceTree = "<group>"; };
		921D3C033B7A48C8AD441F44 /* Info.plist */ = {isa = PBXFileReference; includeInIndex = 1; lastKnownFileType = text.plist.xml; name = Info.plist; path = CamperReady/Support/Info.plist; sourceTree = "<group>"; };
		93452A8066C72B47A2D8B805 /* FirstRunOnboardingView.swift */ = {isa = PBXFileReference; includeInIndex = 1; lastKnownFileType = sourcecode.swift; name = FirstRunOnboardingView.swift; path = CamperReady/Features/Home/FirstRunOnboardingView.swift; sourceTree = "<group>"; };
		96E09889B917378ACD7854D0 /* Foundation.framework */ = {isa = PBXFileReference; lastKnownFileType = wrapper.framework; name = Foundation.framework; path = Platforms/iPhoneOS.platform/Developer/SDKs/iPhoneOS18.0.sdk/System/Library/Frameworks/Foundation.framework; sourceTree = DEVELOPER_DIR; };
		9921E2EEFB33BCCD7289E143 /* GarageView.swift */ = {isa = PBXFileReference; includeInIndex = 1; lastKnownFileType = sourcecode.swift; name = GarageView.swift; path = CamperReady/Features/Vehicle/GarageView.swift; sourceTree = "<group>"; };
		9FCEF40AFF897646BC655FB5 /* AppTheme.swift */ = {isa = PBXFileReference; includeInIndex = 1; lastKnownFileType = sourcecode.swift; name = AppTheme.swift; path = CamperReady/Shared/UI/AppTheme.swift; sourceTree = "<group>"; };
		A223E5A2DB886208C8A1DF69 /* LogbookView.swift */ = {isa = PBXFileReference; includeInIndex = 1; lastKnownFileType = sourcecode.swift; name = LogbookView.swift; path = CamperReady/Features/Logbook/LogbookView.swift; sourceTree = "<group>"; };
		A467FCC3063957057B9F91DE /* ReadinessEngineTests.swift */ = {isa = PBXFileReference; includeInIndex = 1; lastKnownFileType = sourcecode.swift; name = ReadinessEngineTests.swift; path = CamperReadyTests/ReadinessEngineTests.swift; sourceTree = "<group>"; };
		A50E66C575E6602A48111F28 /* PreviewStore.swift */ = {isa = PBXFileReference; includeInIndex = 1; lastKnownFileType = sourcecode.swift; name = PreviewStore.swift; path = CamperReady/Services/PreviewStore.swift; sourceTree = "<group>"; };
		A9D30929A0F9062A982D23B4 /* TripLoadSettings.swift */ = {isa = PBXFileReference; includeInIndex = 1; lastKnownFileType = sourcecode.swift; name = TripLoadSettings.swift; path = CamperReady/Domain/Models/TripLoadSettings.swift; sourceTree = "<group>"; };
		AE77FD683FC15A4B42887B58 /* CamperReady.app */ = {isa = PBXFileReference; explicitFileType = wrapper.application; includeInIndex = 0; path = CamperReady.app; sourceTree = BUILT_PRODUCTS_DIR; };
		B08B2C4994A86155453A90BD /* PlaceNote.swift */ = {isa = PBXFileReference; includeInIndex = 1; lastKnownFileType = sourcecode.swift; name = PlaceNote.swift; path = CamperReady/Domain/Models/PlaceNote.swift; sourceTree = "<group>"; };
		B2D8BFE37C24798D60D096A8 /* ExportService.swift */ = {isa = PBXFileReference; includeInIndex = 1; lastKnownFileType = sourcecode.swift; name = ExportService.swift; path = CamperReady/Services/ExportService.swift; sourceTree = "<group>"; };
		B8430C3CCA5C79A27BA0A5C0 /* Tests-Release.xcconfig */ = {isa = PBXFileReference; includeInIndex = 1; lastKnownFileType = text.xcconfig; name = "Tests-Release.xcconfig"; path = "CamperReady/Config/Tests-Release.xcconfig"; sourceTree = "<group>"; };
		C5FBD867AAF5381ED20D7CF3 /* VehicleProfile.swift */ = {isa = PBXFileReference; includeInIndex = 1; lastKnownFileType = sourcecode.swift; name = VehicleProfile.swift; path = CamperReady/Domain/Models/VehicleProfile.swift; sourceTree = "<group>"; };
		CC99200772A7B9007435EDB5 /* Shared.xcconfig */ = {isa = PBXFileReference; includeInIndex = 1; lastKnownFileType = text.xcconfig; name = Shared.xcconfig; path = CamperReady/Config/Shared.xcconfig; sourceTree = "<group>"; };
		D0BC442AD1717472CCF4A269 /* ChecklistRun.swift */ = {isa = PBXFileReference; includeInIndex = 1; lastKnownFileType = sourcecode.swift; name = ChecklistRun.swift; path = CamperReady/Domain/Models/ChecklistRun.swift; sourceTree = "<group>"; };
		D4003BEE30B7BA73871A8CB7 /* ChecklistEditorService.swift */ = {isa = PBXFileReference; includeInIndex = 1; lastKnownFileType = sourcecode.swift; name = ChecklistEditorService.swift; path = CamperReady/Services/ChecklistEditorService.swift; sourceTree = "<group>"; };
		D4E26E078CFA42C6464F876E /* WeightEditorService.swift */ = {isa = PBXFileReference; includeInIndex = 1; lastKnownFileType = sourcecode.swift; name = WeightEditorService.swift; path = CamperReady/Services/WeightEditorService.swift; sourceTree = "<group>"; };
		D651F4BE2028223B5583B495 /* WorldClassUpgradeTests.swift */ = {isa = PBXFileReference; includeInIndex = 1; lastKnownFileType = sourcecode.swift; name = WorldClassUpgradeTests.swift; path = CamperReadyTests/WorldClassUpgradeTests.swift; sourceTree = "<group>"; };
		DF752E46A53E7B70AC652BFF /* AppInfoView.swift */ = {isa = PBXFileReference; includeInIndex = 1; lastKnownFileType = sourcecode.swift; name = AppInfoView.swift; path = CamperReady/Features/Home/AppInfoView.swift; sourceTree = "<group>"; };
		E3F40B616F3353C004E91E71 /* Assets.xcassets */ = {isa = PBXFileReference; includeInIndex = 1; lastKnownFileType = folder.assetcatalog; name = Assets.xcassets; path = CamperReady/Resources/Assets.xcassets; sourceTree = "<group>"; };
		EA705745D5EECD9D2E127464 /* AppNavigationState.swift */ = {isa = PBXFileReference; includeInIndex = 1; lastKnownFileType = sourcecode.swift; name = AppNavigationState.swift; path = CamperReady/App/AppNavigationState.swift; sourceTree = "<group>"; };
		EF331AF0952C2861CE91E084 /* PersistenceController.swift */ = {isa = PBXFileReference; includeInIndex = 1; lastKnownFileType = sourcecode.swift; name = PersistenceController.swift; path = CamperReady/Services/PersistenceController.swift; sourceTree = "<group>"; };
/* End PBXFileReference section */

/* Begin PBXFrameworksBuildPhase section */
		3C24CF756B6597C9C0B0F035 /* Frameworks */ = {
			isa = PBXFrameworksBuildPhase;
			buildActionMask = 2147483647;
			files = (
				782C335455DEC728E523209D /* Foundation.framework in Frameworks */,
			);
			runOnlyForDeploymentPostprocessing = 0;
		};
		47CEF2CACD66C4FEADDFC82C /* Frameworks */ = {
			isa = PBXFrameworksBuildPhase;
			buildActionMask = 2147483647;
			files = (
				52CAA69665416B4F9AEC3E7C /* Foundation.framework in Frameworks */,
			);
			runOnlyForDeploymentPostprocessing = 0;
		};
/* End PBXFrameworksBuildPhase section */

/* Begin PBXGroup section */
		02A0A1ED0CB41A0E5E672613 /* Resources */ = {
			isa = PBXGroup;
			children = (
				E3F40B616F3353C004E91E71 /* Assets.xcassets */,
			);
			name = Resources;
			sourceTree = "<group>";
		};
		0AB60CC7CC76B48461F4CBB3 /* Domain */ = {
			isa = PBXGroup;
			children = (
				3A1E99EC9D467A9B2121ED35 /* Models */,
				C5E790C8461D7B820FD3BBD1 /* Readiness */,
			);
			name = Domain;
			sourceTree = "<group>";
		};
		1A1CEEDA1FBB91E1856E8A60 /* Weight */ = {
			isa = PBXGroup;
			children = (
				0B7FB86E835C56F10C6B499A /* WeightView.swift */,
			);
			name = Weight;
			sourceTree = "<group>";
		};
		1B3019C15079F93D2A02ACB0 /* Features */ = {
			isa = PBXGroup;
			children = (
				2D5594E0347C642E47B51401 /* Checklists */,
				FDA02FA1F2EAF6033E3B02E4 /* Costs */,
				47EEFCC01CCBA8500912B07D /* Home */,
				75F4FD9B09781D7949DC8C1B /* Logbook */,
				4517300E3CDD7A2E74E70909 /* Vehicle */,
				1A1CEEDA1FBB91E1856E8A60 /* Weight */,
			);
			name = Features;
			sourceTree = "<group>";
		};
		2D5594E0347C642E47B51401 /* Checklists */ = {
			isa = PBXGroup;
			children = (
				00BA5325CA425478B4B66B76 /* ChecklistsView.swift */,
			);
			name = Checklists;
			sourceTree = "<group>";
		};
		30310B4D5897C8B6D63E3AF9 /* iOS */ = {
			isa = PBXGroup;
			children = (
				96E09889B917378ACD7854D0 /* Foundation.framework */,
			);
			name = iOS;
			sourceTree = "<group>";
		};
		3A1E99EC9D467A9B2121ED35 /* Models */ = {
			isa = PBXGroup;
			children = (
				80C10BB06EFD332A4317BC86 /* ChecklistItemRecord.swift */,
				D0BC442AD1717472CCF4A269 /* ChecklistRun.swift */,
				4F3562945C27A8645EEBDF2E /* CostEntry.swift */,
				25D821CE9A170DF51E35AC11 /* DocumentRecord.swift */,
				2CA13573CEB2D95F33B352BE /* MaintenanceEntry.swift */,
				6F01469D5E49EE352F500BE9 /* PackingItem.swift */,
				0816C8B4600A46C8F73C92E0 /* PassengerLoad.swift */,
				B08B2C4994A86155453A90BD /* PlaceNote.swift */,
				55BA73EAA2C254475D27C23C /* SupportEnums.swift */,
				0400C0A2F62E47F3A722BBF5 /* Trip.swift */,
				A9D30929A0F9062A982D23B4 /* TripLoadSettings.swift */,
				C5FBD867AAF5381ED20D7CF3 /* VehicleProfile.swift */,
			);
			name = Models;
			sourceTree = "<group>";
		};
		4517300E3CDD7A2E74E70909 /* Vehicle */ = {
			isa = PBXGroup;
			children = (
				9921E2EEFB33BCCD7289E143 /* GarageView.swift */,
				1E66A38C29962414DBC7A3D5 /* VehicleProfileView.swift */,
			);
			name = Vehicle;
			sourceTree = "<group>";
		};
		47EEFCC01CCBA8500912B07D /* Home */ = {
			isa = PBXGroup;
			children = (
				DF752E46A53E7B70AC652BFF /* AppInfoView.swift */,
				93452A8066C72B47A2D8B805 /* FirstRunOnboardingView.swift */,
				5FCE549276AB4C5F3B750C11 /* HomeDashboardView.swift */,
			);
			name = Home;
			sourceTree = "<group>";
		};
		52EBA6171DAACF0DF3D4A8FA /* CamperReadyTests */ = {
			isa = PBXGroup;
			children = (
				C9E05FD36A347ED579228BD6 /* CamperReadyTests */,
				6B53018F8B6680960F8F16E1 /* Support */,
			);
			name = CamperReadyTests;
			sourceTree = "<group>";
		};
		5527A70B393D95F751E39342 = {
			isa = PBXGroup;
			children = (
				DB9117206669FE67625B30D8 /* Products */,
				5BFBD240F0E9A14432BE0758 /* Frameworks */,
				75869800E7F8609ECE04AE52 /* CamperReady */,
				52EBA6171DAACF0DF3D4A8FA /* CamperReadyTests */,
				BB2528C655D72C83757DF446 /* Scripts */,
			);
			sourceTree = "<group>";
		};
		5BFBD240F0E9A14432BE0758 /* Frameworks */ = {
			isa = PBXGroup;
			children = (
				30310B4D5897C8B6D63E3AF9 /* iOS */,
			);
			name = Frameworks;
			sourceTree = "<group>";
		};
		5D337913CDE7E94985D02774 /* App */ = {
			isa = PBXGroup;
			children = (
				EA705745D5EECD9D2E127464 /* AppNavigationState.swift */,
				2E08ED75ADF7A85DB49AF319 /* AppReleaseConfiguration.swift */,
				2E3F5783304AA59A9C313439 /* CamperReadyApp.swift */,
				531F500305A46D8BA1E45988 /* RootTabView.swift */,
			);
			name = App;
			sourceTree = "<group>";
		};
		6367D79E7082183B60EEF3F0 /* Shared */ = {
			isa = PBXGroup;
			children = (
				DEE29724643517E16C73A810 /* UI */,
			);
			name = Shared;
			sourceTree = "<group>";
		};
		6B53018F8B6680960F8F16E1 /* Support */ = {
			isa = PBXGroup;
			children = (
				7AD2371FD6E4614D678C0F09 /* Info.plist */,
			);
			name = Support;
			sourceTree = "<group>";
		};
		75869800E7F8609ECE04AE52 /* CamperReady */ = {
			isa = PBXGroup;
			children = (
				5D337913CDE7E94985D02774 /* App */,
				0AB60CC7CC76B48461F4CBB3 /* Domain */,
				1B3019C15079F93D2A02ACB0 /* Features */,
				B1056A0E38014B48066C9ECC /* Services */,
				6367D79E7082183B60EEF3F0 /* Shared */,
				02A0A1ED0CB41A0E5E672613 /* Resources */,
				E8E9C4642A2EF7FA7C5B01A8 /* Config */,
				F534471DA1D3DA9C6BC73175 /* Support */,
			);
			name = CamperReady;
			sourceTree = "<group>";
		};
		75F4FD9B09781D7949DC8C1B /* Logbook */ = {
			isa = PBXGroup;
			children = (
				A223E5A2DB886208C8A1DF69 /* LogbookView.swift */,
			);
			name = Logbook;
			sourceTree = "<group>";
		};
		B1056A0E38014B48066C9ECC /* Services */ = {
			isa = PBXGroup;
			children = (
				070DB27DF9A4CBF5D7DBC166 /* ActiveVehicleStore.swift */,
				449043F96A9A510DB8CB8C22 /* AppDataLocator.swift */,
				11596BF20AAD8BF9AADCC988 /* AttachmentStore.swift */,
				D4003BEE30B7BA73871A8CB7 /* ChecklistEditorService.swift */,
				3AD879B637AD776A09BE8614 /* ChecklistTemplateLibrary.swift */,
				B2D8BFE37C24798D60D096A8 /* ExportService.swift */,
				47BB566625B2F371CB57CA9E /* NotificationManager.swift */,
				EF331AF0952C2861CE91E084 /* PersistenceController.swift */,
				A50E66C575E6602A48111F28 /* PreviewStore.swift */,
				6E0DCCFAA435454628133420 /* ReminderPlanner.swift */,
				80F2C3F0DACDAFE0A5EB0004 /* SampleDataSeeder.swift */,
				D4E26E078CFA42C6464F876E /* WeightEditorService.swift */,
			);
			name = Services;
			sourceTree = "<group>";
		};
		BB2528C655D72C83757DF446 /* Scripts */ = {
			isa = PBXGroup;
			children = (
			);
			name = Scripts;
			sourceTree = "<group>";
		};
		C5E790C8461D7B820FD3BBD1 /* Readiness */ = {
			isa = PBXGroup;
			children = (
				3A98E2C0FEC95CE22DB5E0B1 /* ReadinessEngine.swift */,
			);
			name = Readiness;
			sourceTree = "<group>";
		};
		C9E05FD36A347ED579228BD6 /* CamperReadyTests */ = {
			isa = PBXGroup;
			children = (
				A467FCC3063957057B9F91DE /* ReadinessEngineTests.swift */,
				D651F4BE2028223B5583B495 /* WorldClassUpgradeTests.swift */,
			);
			name = CamperReadyTests;
			sourceTree = "<group>";
		};
		DB9117206669FE67625B30D8 /* Products */ = {
			isa = PBXGroup;
			children = (
				AE77FD683FC15A4B42887B58 /* CamperReady.app */,
				24420C207D1A91E00F7781C4 /* CamperReadyTests.xctest */,
			);
			name = Products;
			sourceTree = "<group>";
		};
		DEE29724643517E16C73A810 /* UI */ = {
			isa = PBXGroup;
			children = (
				9FCEF40AFF897646BC655FB5 /* AppTheme.swift */,
				4B3E693AFB5B78E96CC75473 /* AttachmentSection.swift */,
				8A2CF7EFA56E5E875FCF9792 /* MetricCard.swift */,
				4E3898B28D9CBBCEAB98CB2C /* ReadinessTile.swift */,
				7A5186C5E35D8FE0D0ADD704 /* SectionCard.swift */,
				1C0F754B4CD6114C82BC706F /* StatusBadge.swift */,
			);
			name = UI;
			sourceTree = "<group>";
		};
		E8E9C4642A2EF7FA7C5B01A8 /* Config */ = {
			isa = PBXGroup;
			children = (
				619D4F00AE83955BBF44CC0B /* App-Debug.xcconfig */,
				213F688A902A9BB727B57E8D /* App-Release.xcconfig */,
				CC99200772A7B9007435EDB5 /* Shared.xcconfig */,
				15EDE0A1E85A85354B2E10EE /* Tests-Debug.xcconfig */,
				B8430C3CCA5C79A27BA0A5C0 /* Tests-Release.xcconfig */,
			);
			name = Config;
			sourceTree = "<group>";
		};
		F534471DA1D3DA9C6BC73175 /* Support */ = {
			isa = PBXGroup;
			children = (
				921D3C033B7A48C8AD441F44 /* Info.plist */,
				1E2EF635D8B6861311D7CD61 /* PrivacyInfo.xcprivacy */,
			);
			name = Support;
			sourceTree = "<group>";
		};
		FDA02FA1F2EAF6033E3B02E4 /* Costs */ = {
			isa = PBXGroup;
			children = (
				163EC13B896018827EEEE525 /* CostsView.swift */,
			);
			name = Costs;
			sourceTree = "<group>";
		};
/* End PBXGroup section */

/* Begin PBXNativeTarget section */
		6718EE1773572C3881847C0B /* CamperReadyTests */ = {
			isa = PBXNativeTarget;
			buildConfigurationList = 03A210E899134904F27E1CE9 /* Build configuration list for PBXNativeTarget "CamperReadyTests" */;
			buildPhases = (
				BFA2C9A51ED4171A185EA438 /* Sources */,
				47CEF2CACD66C4FEADDFC82C /* Frameworks */,
				F301B94D7098667A63321F93 /* Resources */,
			);
			buildRules = (
			);
			dependencies = (
				FB60CCAA7C903BEB3DE36265 /* PBXTargetDependency */,
			);
			name = CamperReadyTests;
			productName = CamperReadyTests;
			productReference = 24420C207D1A91E00F7781C4 /* CamperReadyTests.xctest */;
			productType = "com.apple.product-type.bundle.unit-test";
		};
		CDE6126702E6C5B686C3A3AA /* CamperReady */ = {
			isa = PBXNativeTarget;
			buildConfigurationList = 0F2678E421CE8C6A0E5234D6 /* Build configuration list for PBXNativeTarget "CamperReady" */;
			buildPhases = (
				0F208AA94DE612CD080ACF63 /* Sources */,
				3C24CF756B6597C9C0B0F035 /* Frameworks */,
				7A92CDDC3A5609D2F587DEB6 /* Resources */,
			);
			buildRules = (
			);
			dependencies = (
			);
			name = CamperReady;
			productName = CamperReady;
			productReference = AE77FD683FC15A4B42887B58 /* CamperReady.app */;
			productType = "com.apple.product-type.application";
		};
/* End PBXNativeTarget section */

/* Begin PBXProject section */
		07F19CDEFD8B9D90AA47B321 /* Project object */ = {
			isa = PBXProject;
			attributes = {
				BuildIndependentTargetsInParallel = YES;
				LastSwiftUpdateCheck = 1600;
				LastUpgradeCheck = 2630;
			};
			buildConfigurationList = 1912B863DB74E9DF4CDAFA50 /* Build configuration list for PBXProject "CamperReady" */;
			compatibilityVersion = "Xcode 3.2";
			developmentRegion = en;
			hasScannedForEncodings = 0;
			knownRegions = (
				en,
				Base,
			);
			mainGroup = 5527A70B393D95F751E39342;
			productRefGroup = DB9117206669FE67625B30D8 /* Products */;
			projectDirPath = "";
			projectRoot = "";
			targets = (
				CDE6126702E6C5B686C3A3AA /* CamperReady */,
				6718EE1773572C3881847C0B /* CamperReadyTests */,
			);
		};
/* End PBXProject section */

/* Begin PBXResourcesBuildPhase section */
		7A92CDDC3A5609D2F587DEB6 /* Resources */ = {
			isa = PBXResourcesBuildPhase;
			buildActionMask = 2147483647;
			files = (
				7C3E4503CB0B034BE26CAD91 /* Assets.xcassets in Resources */,
			);
			runOnlyForDeploymentPostprocessing = 0;
		};
		F301B94D7098667A63321F93 /* Resources */ = {
			isa = PBXResourcesBuildPhase;
			buildActionMask = 2147483647;
			files = (
			);
			runOnlyForDeploymentPostprocessing = 0;
		};
/* End PBXResourcesBuildPhase section */

/* Begin PBXSourcesBuildPhase section */
		0F208AA94DE612CD080ACF63 /* Sources */ = {
			isa = PBXSourcesBuildPhase;
			buildActionMask = 2147483647;
			files = (
				E24E777F455A9486592AAF84 /* AppNavigationState.swift in Sources */,
				9F6FFD514F99753338260A26 /* AppReleaseConfiguration.swift in Sources */,
				A656198CCC4134FAC191DDFD /* CamperReadyApp.swift in Sources */,
				439002C352103179DF5A01CB /* RootTabView.swift in Sources */,
				B4E0D77F55A767FDD44E0C30 /* ChecklistItemRecord.swift in Sources */,
				61C223F4936C503C457C121E /* ChecklistRun.swift in Sources */,
				6E2C55748B865DB290DE8CFF /* CostEntry.swift in Sources */,
				315F9CBA8DA5F11EB9C822EA /* DocumentRecord.swift in Sources */,
				75B0CC5F26A910D4B7AA3AE9 /* MaintenanceEntry.swift in Sources */,
				8E3B4222714B128D77A48171 /* PackingItem.swift in Sources */,
				1778EC41111A19716A85BE3B /* PassengerLoad.swift in Sources */,
				094C56DB9704A322A5E83C82 /* PlaceNote.swift in Sources */,
				51C02195ECF0B103C95E0B83 /* SupportEnums.swift in Sources */,
				F6430670730B9C6C3793B8B8 /* Trip.swift in Sources */,
				C6E62D1DDD542604789E18FD /* TripLoadSettings.swift in Sources */,
				FDEC4ACD9E58A4CAE7CE0DA3 /* VehicleProfile.swift in Sources */,
				BAA48831344E20E2986C293D /* ReadinessEngine.swift in Sources */,
				67E38828AC9EC98A150CD835 /* ChecklistsView.swift in Sources */,
				F5A3DC4BA95D22F40ECB405D /* CostsView.swift in Sources */,
				819E72ECCFBB8F31C84D8C97 /* AppInfoView.swift in Sources */,
				9EEEA3311C8B5591FF9AEA35 /* FirstRunOnboardingView.swift in Sources */,
				646CBC5CE9BAB11A840BF391 /* HomeDashboardView.swift in Sources */,
				29EDC37ED25DB9355A5437E9 /* LogbookView.swift in Sources */,
				E04F13DC65C9B8E8EC338DA2 /* GarageView.swift in Sources */,
				81E607A50A770265248D8A69 /* VehicleProfileView.swift in Sources */,
				414123B633FC677CBC89FA29 /* WeightView.swift in Sources */,
				1868CFF95E0F8AF9BD94C431 /* ActiveVehicleStore.swift in Sources */,
				B4E79430C5724F32AFC6B2A2 /* AppDataLocator.swift in Sources */,
				1DA2330AC7403B44E33BFFE5 /* AttachmentStore.swift in Sources */,
				7BBABA7ED3AE7CBCCAB360DA /* ChecklistEditorService.swift in Sources */,
				FBABDFAD2D9D796F23158F53 /* ChecklistTemplateLibrary.swift in Sources */,
				64BCFB32648A3935E7F29D8A /* ExportService.swift in Sources */,
				7B9B3194960E038EE2F4B049 /* NotificationManager.swift in Sources */,
				46AAA6EEA74FA34CEDB255A3 /* PersistenceController.swift in Sources */,
				154840F13400A93704D6C8B3 /* PreviewStore.swift in Sources */,
				763E489DAD73F087C8214499 /* ReminderPlanner.swift in Sources */,
				3E31772264B29C74115E268D /* SampleDataSeeder.swift in Sources */,
				0764BF792F2C55A4837A675C /* WeightEditorService.swift in Sources */,
				2625F3C21802E93D3863CFF3 /* AppTheme.swift in Sources */,
				B910E37D5866DABC58CEC10D /* AttachmentSection.swift in Sources */,
				E5BA678B609B9294886F613F /* MetricCard.swift in Sources */,
				93B1C8D27C09134E6733011C /* ReadinessTile.swift in Sources */,
				501B9A3256268100511CE96A /* SectionCard.swift in Sources */,
				F8FB0A974C00B7E4E7ADE61F /* StatusBadge.swift in Sources */,
			);
			runOnlyForDeploymentPostprocessing = 0;
		};
		BFA2C9A51ED4171A185EA438 /* Sources */ = {
			isa = PBXSourcesBuildPhase;
			buildActionMask = 2147483647;
			files = (
				D891735BAE7CFC8012FF7927 /* ReadinessEngineTests.swift in Sources */,
				C32BF77BAABCE733BDC6C761 /* WorldClassUpgradeTests.swift in Sources */,
			);
			runOnlyForDeploymentPostprocessing = 0;
		};
/* End PBXSourcesBuildPhase section */

/* Begin PBXTargetDependency section */
		FB60CCAA7C903BEB3DE36265 /* PBXTargetDependency */ = {
			isa = PBXTargetDependency;
			name = CamperReady;
			target = CDE6126702E6C5B686C3A3AA /* CamperReady */;
			targetProxy = 4995B1D063DD2F70D94B1B96 /* PBXContainerItemProxy */;
		};
/* End PBXTargetDependency section */

/* Begin XCBuildConfiguration section */
		153896BFC115BCDC558B38DC /* Release */ = {
			isa = XCBuildConfiguration;
			baseConfigurationReference = B8430C3CCA5C79A27BA0A5C0 /* Tests-Release.xcconfig */;
			buildSettings = {
				ASSETCATALOG_COMPILER_APPICON_NAME = AppIcon;
				BUNDLE_LOADER = "$(BUILT_PRODUCTS_DIR)/CamperReady.app/CamperReady";
				CLANG_ENABLE_OBJC_WEAK = NO;
				CODE_SIGN_STYLE = Automatic;
				CURRENT_PROJECT_VERSION = 1;
				GENERATE_INFOPLIST_FILE = NO;
				IPHONEOS_DEPLOYMENT_TARGET = 17.0;
				LD_RUNPATH_SEARCH_PATHS = (
					"$(inherited)",
					"@loader_path/Frameworks",
					"@executable_path/Frameworks",
				);
				MARKETING_VERSION = 1.0;
				PRODUCT_BUNDLE_IDENTIFIER = com.camperready.appTests;
				SDKROOT = iphoneos;
				SWIFT_EMIT_LOC_STRINGS = NO;
				SWIFT_STRICT_CONCURRENCY = minimal;
				SWIFT_VERSION = 5.0;
				TARGETED_DEVICE_FAMILY = 1;
				TEST_HOST = "$(BUILT_PRODUCTS_DIR)/CamperReady.app/CamperReady";
				VALIDATE_PRODUCT = YES;
			};
			name = Release;
		};
		35F7297D04FFB1C680CEB3ED /* Release */ = {
			isa = XCBuildConfiguration;
			baseConfigurationReference = 213F688A902A9BB727B57E8D /* App-Release.xcconfig */;
			buildSettings = {
				ASSETCATALOG_COMPILER_APPICON_NAME = AppIcon;
				ASSETCATALOG_COMPILER_GLOBAL_ACCENT_COLOR_NAME = AccentColor;
				CLANG_ENABLE_OBJC_WEAK = NO;
				CODE_SIGN_STYLE = Automatic;
				CURRENT_PROJECT_VERSION = 1;
				DEVELOPMENT_TEAM = DBHUULDT59;
				GENERATE_INFOPLIST_FILE = NO;
				IPHONEOS_DEPLOYMENT_TARGET = 17.0;
				LD_RUNPATH_SEARCH_PATHS = (
					"$(inherited)",
					"@executable_path/Frameworks",
				);
				MARKETING_VERSION = 1.0;
				PRODUCT_BUNDLE_IDENTIFIER = com.camperready.app;
				SDKROOT = iphoneos;
				SWIFT_EMIT_LOC_STRINGS = NO;
				SWIFT_STRICT_CONCURRENCY = minimal;
				SWIFT_VERSION = 5.0;
				TARGETED_DEVICE_FAMILY = 1;
				VALIDATE_PRODUCT = YES;
			};
			name = Release;
		};
		3942CB175A3931FDB413EEEF /* Debug */ = {
			isa = XCBuildConfiguration;
			baseConfigurationReference = CC99200772A7B9007435EDB5 /* Shared.xcconfig */;
			buildSettings = {
				ALWAYS_SEARCH_USER_PATHS = NO;
				CLANG_ANALYZER_NONNULL = YES;
				CLANG_ANALYZER_NUMBER_OBJECT_CONVERSION = YES_AGGRESSIVE;
				CLANG_CXX_LANGUAGE_STANDARD = "gnu++14";
				CLANG_CXX_LIBRARY = "libc++";
				CLANG_ENABLE_MODULES = YES;
				CLANG_ENABLE_OBJC_ARC = YES;
				CLANG_ENABLE_OBJC_WEAK = YES;
				CLANG_WARN_BLOCK_CAPTURE_AUTORELEASING = YES;
				CLANG_WARN_BOOL_CONVERSION = YES;
				CLANG_WARN_COMMA = YES;
				CLANG_WARN_CONSTANT_CONVERSION = YES;
				CLANG_WARN_DEPRECATED_OBJC_IMPLEMENTATIONS = YES;
				CLANG_WARN_DIRECT_OBJC_ISA_USAGE = YES_ERROR;
				CLANG_WARN_DOCUMENTATION_COMMENTS = YES;
				CLANG_WARN_EMPTY_BODY = YES;
				CLANG_WARN_ENUM_CONVERSION = YES;
				CLANG_WARN_INFINITE_RECURSION = YES;
				CLANG_WARN_INT_CONVERSION = YES;
				CLANG_WARN_NON_LITERAL_NULL_CONVERSION = YES;
				CLANG_WARN_OBJC_IMPLICIT_RETAIN_SELF = YES;
				CLANG_WARN_OBJC_LITERAL_CONVERSION = YES;
				CLANG_WARN_OBJC_ROOT_CLASS = YES_ERROR;
				CLANG_WARN_QUOTED_INCLUDE_IN_FRAMEWORK_HEADER = YES;
				CLANG_WARN_RANGE_LOOP_ANALYSIS = YES;
				CLANG_WARN_STRICT_PROTOTYPES = YES;
				CLANG_WARN_SUSPICIOUS_MOVE = YES;
				CLANG_WARN_UNGUARDED_AVAILABILITY = YES_AGGRESSIVE;
				CLANG_WARN_UNREACHABLE_CODE = YES;
				CLANG_WARN__DUPLICATE_METHOD_MATCH = YES;
				COPY_PHASE_STRIP = NO;
				DEAD_CODE_STRIPPING = YES;
				DEBUG_INFORMATION_FORMAT = dwarf;
				ENABLE_STRICT_OBJC_MSGSEND = YES;
				ENABLE_TESTABILITY = YES;
				ENABLE_USER_SCRIPT_SANDBOXING = YES;
				GCC_C_LANGUAGE_STANDARD = gnu11;
				GCC_DYNAMIC_NO_PIC = NO;
				GCC_NO_COMMON_BLOCKS = YES;
				GCC_OPTIMIZATION_LEVEL = 0;
				GCC_PREPROCESSOR_DEFINITIONS = (
					"DEBUG=1",
					"$(inherited)",
				);
				GCC_WARN_64_TO_32_BIT_CONVERSION = YES;
				GCC_WARN_ABOUT_RETURN_TYPE = YES_ERROR;
				GCC_WARN_UNDECLARED_SELECTOR = YES;
				GCC_WARN_UNINITIALIZED_AUTOS = YES_AGGRESSIVE;
				GCC_WARN_UNUSED_FUNCTION = YES;
				GCC_WARN_UNUSED_VARIABLE = YES;
				MTL_ENABLE_DEBUG_INFO = INCLUDE_SOURCE;
				MTL_FAST_MATH = YES;
				ONLY_ACTIVE_ARCH = YES;
				PRODUCT_NAME = "$(TARGET_NAME)";
				STRING_CATALOG_GENERATE_SYMBOLS = YES;
				SWIFT_ACTIVE_COMPILATION_CONDITIONS = DEBUG;
				SWIFT_OPTIMIZATION_LEVEL = "-Onone";
				SWIFT_VERSION = 5.0;
			};
			name = Debug;
		};
		847106CAAC36EA3CFD3B3F29 /* Debug */ = {
			isa = XCBuildConfiguration;
			baseConfigurationReference = 15EDE0A1E85A85354B2E10EE /* Tests-Debug.xcconfig */;
			buildSettings = {
				ASSETCATALOG_COMPILER_APPICON_NAME = AppIcon;
				BUNDLE_LOADER = "$(BUILT_PRODUCTS_DIR)/CamperReady.app/CamperReady";
				CLANG_ENABLE_OBJC_WEAK = NO;
				CODE_SIGN_STYLE = Automatic;
				CURRENT_PROJECT_VERSION = 1;
				GENERATE_INFOPLIST_FILE = NO;
				IPHONEOS_DEPLOYMENT_TARGET = 17.0;
				LD_RUNPATH_SEARCH_PATHS = (
					"$(inherited)",
					"@loader_path/Frameworks",
					"@executable_path/Frameworks",
				);
				MARKETING_VERSION = 1.0;
				PRODUCT_BUNDLE_IDENTIFIER = com.camperready.appTests;
				SDKROOT = iphoneos;
				SWIFT_EMIT_LOC_STRINGS = NO;
				SWIFT_STRICT_CONCURRENCY = minimal;
				SWIFT_VERSION = 5.0;
				TARGETED_DEVICE_FAMILY = 1;
				TEST_HOST = "$(BUILT_PRODUCTS_DIR)/CamperReady.app/CamperReady";
			};
			name = Debug;
		};
		8860E26D6FDC9C6AD467B3C4 /* Debug */ = {
			isa = XCBuildConfiguration;
			baseConfigurationReference = 619D4F00AE83955BBF44CC0B /* App-Debug.xcconfig */;
			buildSettings = {
				ASSETCATALOG_COMPILER_APPICON_NAME = AppIcon;
				ASSETCATALOG_COMPILER_GLOBAL_ACCENT_COLOR_NAME = AccentColor;
				CLANG_ENABLE_OBJC_WEAK = NO;
				CODE_SIGN_STYLE = Automatic;
				CURRENT_PROJECT_VERSION = 1;
				DEVELOPMENT_TEAM = DBHUULDT59;
				GENERATE_INFOPLIST_FILE = NO;
				IPHONEOS_DEPLOYMENT_TARGET = 17.0;
				LD_RUNPATH_SEARCH_PATHS = (
					"$(inherited)",
					"@executable_path/Frameworks",
				);
				MARKETING_VERSION = 1.0;
				PRODUCT_BUNDLE_IDENTIFIER = com.camperready.app;
				SDKROOT = iphoneos;
				SWIFT_EMIT_LOC_STRINGS = NO;
				SWIFT_STRICT_CONCURRENCY = minimal;
				SWIFT_VERSION = 5.0;
				TARGETED_DEVICE_FAMILY = 1;
			};
			name = Debug;
		};
		FE35DC502520271F09B553B4 /* Release */ = {
			isa = XCBuildConfiguration;
			baseConfigurationReference = CC99200772A7B9007435EDB5 /* Shared.xcconfig */;
			buildSettings = {
				ALWAYS_SEARCH_USER_PATHS = NO;
				CLANG_ANALYZER_NONNULL = YES;
				CLANG_ANALYZER_NUMBER_OBJECT_CONVERSION = YES_AGGRESSIVE;
				CLANG_CXX_LANGUAGE_STANDARD = "gnu++14";
				CLANG_CXX_LIBRARY = "libc++";
				CLANG_ENABLE_MODULES = YES;
				CLANG_ENABLE_OBJC_ARC = YES;
				CLANG_ENABLE_OBJC_WEAK = YES;
				CLANG_WARN_BLOCK_CAPTURE_AUTORELEASING = YES;
				CLANG_WARN_BOOL_CONVERSION = YES;
				CLANG_WARN_COMMA = YES;
				CLANG_WARN_CONSTANT_CONVERSION = YES;
				CLANG_WARN_DEPRECATED_OBJC_IMPLEMENTATIONS = YES;
				CLANG_WARN_DIRECT_OBJC_ISA_USAGE = YES_ERROR;
				CLANG_WARN_DOCUMENTATION_COMMENTS = YES;
				CLANG_WARN_EMPTY_BODY = YES;
				CLANG_WARN_ENUM_CONVERSION = YES;
				CLANG_WARN_INFINITE_RECURSION = YES;
				CLANG_WARN_INT_CONVERSION = YES;
				CLANG_WARN_NON_LITERAL_NULL_CONVERSION = YES;
				CLANG_WARN_OBJC_IMPLICIT_RETAIN_SELF = YES;
				CLANG_WARN_OBJC_LITERAL_CONVERSION = YES;
				CLANG_WARN_OBJC_ROOT_CLASS = YES_ERROR;
				CLANG_WARN_QUOTED_INCLUDE_IN_FRAMEWORK_HEADER = YES;
				CLANG_WARN_RANGE_LOOP_ANALYSIS = YES;
				CLANG_WARN_STRICT_PROTOTYPES = YES;
				CLANG_WARN_SUSPICIOUS_MOVE = YES;
				CLANG_WARN_UNGUARDED_AVAILABILITY = YES_AGGRESSIVE;
				CLANG_WARN_UNREACHABLE_CODE = YES;
				CLANG_WARN__DUPLICATE_METHOD_MATCH = YES;
				COPY_PHASE_STRIP = NO;
				DEAD_CODE_STRIPPING = YES;
				DEBUG_INFORMATION_FORMAT = "dwarf-with-dsym";
				ENABLE_NS_ASSERTIONS = NO;
				ENABLE_STRICT_OBJC_MSGSEND = YES;
				ENABLE_USER_SCRIPT_SANDBOXING = YES;
				GCC_C_LANGUAGE_STANDARD = gnu11;
				GCC_NO_COMMON_BLOCKS = YES;
				GCC_WARN_64_TO_32_BIT_CONVERSION = YES;
				GCC_WARN_ABOUT_RETURN_TYPE = YES_ERROR;
				GCC_WARN_UNDECLARED_SELECTOR = YES;
				GCC_WARN_UNINITIALIZED_AUTOS = YES_AGGRESSIVE;
				GCC_WARN_UNUSED_FUNCTION = YES;
				GCC_WARN_UNUSED_VARIABLE = YES;
				MTL_ENABLE_DEBUG_INFO = NO;
				MTL_FAST_MATH = YES;
				PRODUCT_NAME = "$(TARGET_NAME)";
				STRING_CATALOG_GENERATE_SYMBOLS = YES;
				SWIFT_COMPILATION_MODE = wholemodule;
				SWIFT_OPTIMIZATION_LEVEL = "-O";
				SWIFT_VERSION = 5.0;
			};
			name = Release;
		};
/* End XCBuildConfiguration section */

/* Begin XCConfigurationList section */
		03A210E899134904F27E1CE9 /* Build configuration list for PBXNativeTarget "CamperReadyTests" */ = {
			isa = XCConfigurationList;
			buildConfigurations = (
				153896BFC115BCDC558B38DC /* Release */,
				847106CAAC36EA3CFD3B3F29 /* Debug */,
			);
			defaultConfigurationIsVisible = 0;
			defaultConfigurationName = Release;
		};
		0F2678E421CE8C6A0E5234D6 /* Build configuration list for PBXNativeTarget "CamperReady" */ = {
			isa = XCConfigurationList;
			buildConfigurations = (
				35F7297D04FFB1C680CEB3ED /* Release */,
				8860E26D6FDC9C6AD467B3C4 /* Debug */,
			);
			defaultConfigurationIsVisible = 0;
			defaultConfigurationName = Release;
		};
		1912B863DB74E9DF4CDAFA50 /* Build configuration list for PBXProject "CamperReady" */ = {
			isa = XCConfigurationList;
			buildConfigurations = (
				3942CB175A3931FDB413EEEF /* Debug */,
				FE35DC502520271F09B553B4 /* Release */,
			);
			defaultConfigurationIsVisible = 0;
			defaultConfigurationName = Release;
		};
/* End XCConfigurationList section */
	};
	rootObject = 07F19CDEFD8B9D90AA47B321 /* Project object */;
}
